// !$*UTF8*$!
{
	archiveVersion = 1;
	classes = {
	};
	objectVersion = 50;
	objects = {

/* Begin PBXBuildFile section */
		CCE4AB5822E3C6E600DA4F80 /* AppDelegate.swift in Sources */ = {isa = PBXBuildFile; fileRef = CCE4AB5722E3C6E600DA4F80 /* AppDelegate.swift */; };
		CCE4AB5F22E3C6E800DA4F80 /* Assets.xcassets in Resources */ = {isa = PBXBuildFile; fileRef = CCE4AB5E22E3C6E800DA4F80 /* Assets.xcassets */; };
		CCE4AB6222E3C6E800DA4F80 /* LaunchScreen.storyboard in Resources */ = {isa = PBXBuildFile; fileRef = CCE4AB6022E3C6E800DA4F80 /* LaunchScreen.storyboard */; };
		CCE4AB6D22E3C6E800DA4F80 /* Flickr_UserGalleryTests.swift in Sources */ = {isa = PBXBuildFile; fileRef = CCE4AB6C22E3C6E800DA4F80 /* Flickr_UserGalleryTests.swift */; };
		CCE4AB7822E3C6E800DA4F80 /* Flickr_UserGalleryUITests.swift in Sources */ = {isa = PBXBuildFile; fileRef = CCE4AB7722E3C6E800DA4F80 /* Flickr_UserGalleryUITests.swift */; };
		CCE4AB8A22E3CA8D00DA4F80 /* ParameterizedUseCase.swift in Sources */ = {isa = PBXBuildFile; fileRef = CCE4AB8922E3CA8D00DA4F80 /* ParameterizedUseCase.swift */; };
		CCE4AB8B22E3CA8D00DA4F80 /* ParameterizedUseCase.swift in Sources */ = {isa = PBXBuildFile; fileRef = CCE4AB8922E3CA8D00DA4F80 /* ParameterizedUseCase.swift */; };
		CCE4AB9022E3CB3700DA4F80 /* ImageUrls.swift in Sources */ = {isa = PBXBuildFile; fileRef = CCE4AB8F22E3CB3700DA4F80 /* ImageUrls.swift */; };
		CCE4AB9122E3CB3700DA4F80 /* ImageUrls.swift in Sources */ = {isa = PBXBuildFile; fileRef = CCE4AB8F22E3CB3700DA4F80 /* ImageUrls.swift */; };
		CCE4AB9422E3CB6500DA4F80 /* GetImageUrls.swift in Sources */ = {isa = PBXBuildFile; fileRef = CCE4AB9322E3CB6500DA4F80 /* GetImageUrls.swift */; };
		CCE4AB9522E3CB6500DA4F80 /* GetImageUrls.swift in Sources */ = {isa = PBXBuildFile; fileRef = CCE4AB9322E3CB6500DA4F80 /* GetImageUrls.swift */; };
		CCE4AB9722E3CB7E00DA4F80 /* ImageUrlsFetcher.swift in Sources */ = {isa = PBXBuildFile; fileRef = CCE4AB9622E3CB7E00DA4F80 /* ImageUrlsFetcher.swift */; };
		CCE4AB9822E3CB7E00DA4F80 /* ImageUrlsFetcher.swift in Sources */ = {isa = PBXBuildFile; fileRef = CCE4AB9622E3CB7E00DA4F80 /* ImageUrlsFetcher.swift */; };
		CCE4AB9A22E3CB9A00DA4F80 /* ImageUrlsReceiver.swift in Sources */ = {isa = PBXBuildFile; fileRef = CCE4AB9922E3CB9A00DA4F80 /* ImageUrlsReceiver.swift */; };
		CCE4AB9B22E3CB9A00DA4F80 /* ImageUrlsReceiver.swift in Sources */ = {isa = PBXBuildFile; fileRef = CCE4AB9922E3CB9A00DA4F80 /* ImageUrlsReceiver.swift */; };
		CCE4ABA122E3CC8E00DA4F80 /* GetImageUrlsTests.swift in Sources */ = {isa = PBXBuildFile; fileRef = CCE4ABA022E3CC8E00DA4F80 /* GetImageUrlsTests.swift */; };
		CCE4ABA322E3CCA800DA4F80 /* ImageUrlsFetcherMock.swift in Sources */ = {isa = PBXBuildFile; fileRef = CCE4ABA222E3CCA800DA4F80 /* ImageUrlsFetcherMock.swift */; };
		CCE4ABA622E3CCE700DA4F80 /* ImageUrlsFixture.swift in Sources */ = {isa = PBXBuildFile; fileRef = CCE4ABA522E3CCE700DA4F80 /* ImageUrlsFixture.swift */; };
		CCE4ABA822E3CD2400DA4F80 /* ImageUrlsReceiverMock.swift in Sources */ = {isa = PBXBuildFile; fileRef = CCE4ABA722E3CD2400DA4F80 /* ImageUrlsReceiverMock.swift */; };
		CCE4ABAA22E3CD4000DA4F80 /* ImageUrlsFetcherMockForFailure.swift in Sources */ = {isa = PBXBuildFile; fileRef = CCE4ABA922E3CD4000DA4F80 /* ImageUrlsFetcherMockForFailure.swift */; };
		CCE4ABAC22E3CD6C00DA4F80 /* ImageUrlsFetcherError.swift in Sources */ = {isa = PBXBuildFile; fileRef = CCE4ABAB22E3CD6C00DA4F80 /* ImageUrlsFetcherError.swift */; };
		CCE4ABAD22E3CD6C00DA4F80 /* ImageUrlsFetcherError.swift in Sources */ = {isa = PBXBuildFile; fileRef = CCE4ABAB22E3CD6C00DA4F80 /* ImageUrlsFetcherError.swift */; };
		CCE4ABB022E3E8A700DA4F80 /* FetchPublicImagesTests.swift in Sources */ = {isa = PBXBuildFile; fileRef = CCE4ABAF22E3E8A700DA4F80 /* FetchPublicImagesTests.swift */; };
		CCE4ABB222E3EDF300DA4F80 /* PublicImagesFetcherMock.swift in Sources */ = {isa = PBXBuildFile; fileRef = CCE4ABB122E3EDF300DA4F80 /* PublicImagesFetcherMock.swift */; };
		CCE4ABB522E3EE7E00DA4F80 /* PublicImagesFetcher.swift in Sources */ = {isa = PBXBuildFile; fileRef = CCE4ABB422E3EE7E00DA4F80 /* PublicImagesFetcher.swift */; };
		CCE4ABB622E3EE7E00DA4F80 /* PublicImagesFetcher.swift in Sources */ = {isa = PBXBuildFile; fileRef = CCE4ABB422E3EE7E00DA4F80 /* PublicImagesFetcher.swift */; };
		CCE4ABBB22E3EF4E00DA4F80 /* Query.swift in Sources */ = {isa = PBXBuildFile; fileRef = CCE4ABBA22E3EF4E00DA4F80 /* Query.swift */; };
		CCE4ABBC22E3EF4E00DA4F80 /* Query.swift in Sources */ = {isa = PBXBuildFile; fileRef = CCE4ABBA22E3EF4E00DA4F80 /* Query.swift */; };
		CCE4ABBE22E3EF9E00DA4F80 /* ImageSummary.swift in Sources */ = {isa = PBXBuildFile; fileRef = CCE4ABBD22E3EF9E00DA4F80 /* ImageSummary.swift */; };
		CCE4ABBF22E3EF9E00DA4F80 /* ImageSummary.swift in Sources */ = {isa = PBXBuildFile; fileRef = CCE4ABBD22E3EF9E00DA4F80 /* ImageSummary.swift */; };
		CCE4ABC122E3F04400DA4F80 /* PublicImagesReceiverMock.swift in Sources */ = {isa = PBXBuildFile; fileRef = CCE4ABC022E3F04400DA4F80 /* PublicImagesReceiverMock.swift */; };
		CCE4ABC422E3F0B000DA4F80 /* PublicImagesReceiver.swift in Sources */ = {isa = PBXBuildFile; fileRef = CCE4ABC322E3F0B000DA4F80 /* PublicImagesReceiver.swift */; };
		CCE4ABC522E3F0B000DA4F80 /* PublicImagesReceiver.swift in Sources */ = {isa = PBXBuildFile; fileRef = CCE4ABC322E3F0B000DA4F80 /* PublicImagesReceiver.swift */; };
		CCE4ABC722E3F0DC00DA4F80 /* FetchPublicImages.swift in Sources */ = {isa = PBXBuildFile; fileRef = CCE4ABC622E3F0DC00DA4F80 /* FetchPublicImages.swift */; };
		CCE4ABC822E3F0DC00DA4F80 /* FetchPublicImages.swift in Sources */ = {isa = PBXBuildFile; fileRef = CCE4ABC622E3F0DC00DA4F80 /* FetchPublicImages.swift */; };
		CCE4ABCC22E3F18500DA4F80 /* QueryFixture.swift in Sources */ = {isa = PBXBuildFile; fileRef = CCE4ABCB22E3F18500DA4F80 /* QueryFixture.swift */; };
		CCE4ABCE22E3F1E500DA4F80 /* PublicImagesFetcherMockForFailure.swift in Sources */ = {isa = PBXBuildFile; fileRef = CCE4ABCD22E3F1E500DA4F80 /* PublicImagesFetcherMockForFailure.swift */; };
		CCE4ABD022E3F24A00DA4F80 /* PublicImagesFetcherError.swift in Sources */ = {isa = PBXBuildFile; fileRef = CCE4ABCF22E3F24A00DA4F80 /* PublicImagesFetcherError.swift */; };
		CCE4ABD122E3F24A00DA4F80 /* PublicImagesFetcherError.swift in Sources */ = {isa = PBXBuildFile; fileRef = CCE4ABCF22E3F24A00DA4F80 /* PublicImagesFetcherError.swift */; };
		CCE4ABD422E4D45300DA4F80 /* GetImageInfoTests.swift in Sources */ = {isa = PBXBuildFile; fileRef = CCE4ABD322E4D45300DA4F80 /* GetImageInfoTests.swift */; };
		CCE4ABD622E4D47F00DA4F80 /* ImageInfoFetcherMock.swift in Sources */ = {isa = PBXBuildFile; fileRef = CCE4ABD522E4D47F00DA4F80 /* ImageInfoFetcherMock.swift */; };
		CCE4ABD822E4D48B00DA4F80 /* ImageInfoFetcherMockForFailure.swift in Sources */ = {isa = PBXBuildFile; fileRef = CCE4ABD722E4D48B00DA4F80 /* ImageInfoFetcherMockForFailure.swift */; };
		CCE4ABDA22E4D4AC00DA4F80 /* ImageInfoReceiverMock.swift in Sources */ = {isa = PBXBuildFile; fileRef = CCE4ABD922E4D4AC00DA4F80 /* ImageInfoReceiverMock.swift */; };
		CCE4ABDC22E4D4E300DA4F80 /* ImageInfoFixture.swift in Sources */ = {isa = PBXBuildFile; fileRef = CCE4ABDB22E4D4E300DA4F80 /* ImageInfoFixture.swift */; };
		CCE4ABDE22E4D52A00DA4F80 /* ImageInfo.swift in Sources */ = {isa = PBXBuildFile; fileRef = CCE4ABDD22E4D52A00DA4F80 /* ImageInfo.swift */; };
		CCE4ABDF22E4D52A00DA4F80 /* ImageInfo.swift in Sources */ = {isa = PBXBuildFile; fileRef = CCE4ABDD22E4D52A00DA4F80 /* ImageInfo.swift */; };
		CCE4ABE222E4D7DA00DA4F80 /* GetImageInfo.swift in Sources */ = {isa = PBXBuildFile; fileRef = CCE4ABE122E4D7DA00DA4F80 /* GetImageInfo.swift */; };
		CCE4ABE322E4D7DA00DA4F80 /* GetImageInfo.swift in Sources */ = {isa = PBXBuildFile; fileRef = CCE4ABE122E4D7DA00DA4F80 /* GetImageInfo.swift */; };
		CCE4ABE522E4D7EA00DA4F80 /* ImageInfoFetcher.swift in Sources */ = {isa = PBXBuildFile; fileRef = CCE4ABE422E4D7EA00DA4F80 /* ImageInfoFetcher.swift */; };
		CCE4ABE622E4D7EA00DA4F80 /* ImageInfoFetcher.swift in Sources */ = {isa = PBXBuildFile; fileRef = CCE4ABE422E4D7EA00DA4F80 /* ImageInfoFetcher.swift */; };
		CCE4ABE822E4D7F100DA4F80 /* ImageInfoFetcherError.swift in Sources */ = {isa = PBXBuildFile; fileRef = CCE4ABE722E4D7F100DA4F80 /* ImageInfoFetcherError.swift */; };
		CCE4ABE922E4D7F100DA4F80 /* ImageInfoFetcherError.swift in Sources */ = {isa = PBXBuildFile; fileRef = CCE4ABE722E4D7F100DA4F80 /* ImageInfoFetcherError.swift */; };
		CCE4ABEB22E4D81A00DA4F80 /* ImageInfoReceiver.swift in Sources */ = {isa = PBXBuildFile; fileRef = CCE4ABEA22E4D81A00DA4F80 /* ImageInfoReceiver.swift */; };
		CCE4ABEC22E4D81A00DA4F80 /* ImageInfoReceiver.swift in Sources */ = {isa = PBXBuildFile; fileRef = CCE4ABEA22E4D81A00DA4F80 /* ImageInfoReceiver.swift */; };
		CCE4ABF122E4FF0900DA4F80 /* DependencyReceiver.swift in Sources */ = {isa = PBXBuildFile; fileRef = CCE4ABF022E4FF0900DA4F80 /* DependencyReceiver.swift */; };
		CCE4ABF222E4FF0900DA4F80 /* DependencyReceiver.swift in Sources */ = {isa = PBXBuildFile; fileRef = CCE4ABF022E4FF0900DA4F80 /* DependencyReceiver.swift */; };
		CCE4ABF422E4FF1800DA4F80 /* DependencyProvider.swift in Sources */ = {isa = PBXBuildFile; fileRef = CCE4ABF322E4FF1800DA4F80 /* DependencyProvider.swift */; };
		CCE4ABF522E4FF1800DA4F80 /* DependencyProvider.swift in Sources */ = {isa = PBXBuildFile; fileRef = CCE4ABF322E4FF1800DA4F80 /* DependencyProvider.swift */; };
		CCE4ABF722E4FF2300DA4F80 /* DependencyConfigurator.swift in Sources */ = {isa = PBXBuildFile; fileRef = CCE4ABF622E4FF2300DA4F80 /* DependencyConfigurator.swift */; };
		CCE4ABFE22E500CF00DA4F80 /* HTTPClient.swift in Sources */ = {isa = PBXBuildFile; fileRef = CCE4ABFD22E500CF00DA4F80 /* HTTPClient.swift */; };
		CCE4ABFF22E500CF00DA4F80 /* HTTPClient.swift in Sources */ = {isa = PBXBuildFile; fileRef = CCE4ABFD22E500CF00DA4F80 /* HTTPClient.swift */; };
		CCE4AC0122E500F800DA4F80 /* HTTPClientError.swift in Sources */ = {isa = PBXBuildFile; fileRef = CCE4AC0022E500F800DA4F80 /* HTTPClientError.swift */; };
		CCE4AC0222E500F800DA4F80 /* HTTPClientError.swift in Sources */ = {isa = PBXBuildFile; fileRef = CCE4AC0022E500F800DA4F80 /* HTTPClientError.swift */; };
		CCE4AC0622E5026C00DA4F80 /* Alamofire.framework in Frameworks */ = {isa = PBXBuildFile; fileRef = CCE4AC0422E5026C00DA4F80 /* Alamofire.framework */; };
		CCE4AC0722E5026C00DA4F80 /* Kingfisher.framework in Frameworks */ = {isa = PBXBuildFile; fileRef = CCE4AC0522E5026C00DA4F80 /* Kingfisher.framework */; };
		CCE4AC0A22E5030C00DA4F80 /* DefaultHTTPClient.swift in Sources */ = {isa = PBXBuildFile; fileRef = CCE4AC0922E5030C00DA4F80 /* DefaultHTTPClient.swift */; };
		CCE4AC0C22E505E600DA4F80 /* FlickrInfoProvider.swift in Sources */ = {isa = PBXBuildFile; fileRef = CCE4AC0B22E505E600DA4F80 /* FlickrInfoProvider.swift */; };
		CCE4AC0D22E505E600DA4F80 /* FlickrInfoProvider.swift in Sources */ = {isa = PBXBuildFile; fileRef = CCE4AC0B22E505E600DA4F80 /* FlickrInfoProvider.swift */; };
		CCE4AC1422E5116000DA4F80 /* DefaultImageInfoFetcher.swift in Sources */ = {isa = PBXBuildFile; fileRef = CCE4AC1322E5116000DA4F80 /* DefaultImageInfoFetcher.swift */; };
		CCE4AC1722E5150000DA4F80 /* ImageInfoJSONParser.swift in Sources */ = {isa = PBXBuildFile; fileRef = CCE4AC1622E5150000DA4F80 /* ImageInfoJSONParser.swift */; };
		CCE4AC1922E5151600DA4F80 /* ImageInfoJSONParserError.swift in Sources */ = {isa = PBXBuildFile; fileRef = CCE4AC1822E5151600DA4F80 /* ImageInfoJSONParserError.swift */; };
		CCE4AC1B22E5152B00DA4F80 /* DefaultImageInfoJSONParser.swift in Sources */ = {isa = PBXBuildFile; fileRef = CCE4AC1A22E5152B00DA4F80 /* DefaultImageInfoJSONParser.swift */; };
		CCE4AC1E22E5208000DA4F80 /* ImageUrlsJSONParser.swift in Sources */ = {isa = PBXBuildFile; fileRef = CCE4AC1D22E5208000DA4F80 /* ImageUrlsJSONParser.swift */; };
		CCE4AC2022E5209D00DA4F80 /* ImageUrlsJSONParserError.swift in Sources */ = {isa = PBXBuildFile; fileRef = CCE4AC1F22E5209D00DA4F80 /* ImageUrlsJSONParserError.swift */; };
		CCE4AC2222E520B600DA4F80 /* DefaultImageUrlsJSONParser.swift in Sources */ = {isa = PBXBuildFile; fileRef = CCE4AC2122E520B600DA4F80 /* DefaultImageUrlsJSONParser.swift */; };
		CCE4AC2422E520D900DA4F80 /* DefaultImageUrlsFetcher.swift in Sources */ = {isa = PBXBuildFile; fileRef = CCE4AC2322E520D900DA4F80 /* DefaultImageUrlsFetcher.swift */; };
		CCE4AC2722E5272800DA4F80 /* ImageSummaryJSONParser.swift in Sources */ = {isa = PBXBuildFile; fileRef = CCE4AC2622E5272800DA4F80 /* ImageSummaryJSONParser.swift */; };
		CCE4AC2922E5276D00DA4F80 /* ImageSummaryJSONParserError.swift in Sources */ = {isa = PBXBuildFile; fileRef = CCE4AC2822E5276D00DA4F80 /* ImageSummaryJSONParserError.swift */; };
		CCE4AC2B22E527A700DA4F80 /* DefaultImageSummaryJSONParser.swift in Sources */ = {isa = PBXBuildFile; fileRef = CCE4AC2A22E527A700DA4F80 /* DefaultImageSummaryJSONParser.swift */; };
		CCE4AC2D22E5288F00DA4F80 /* DefaultPublicImagesFetcher.swift in Sources */ = {isa = PBXBuildFile; fileRef = CCE4AC2C22E5288F00DA4F80 /* DefaultPublicImagesFetcher.swift */; };
		CCE4AC3422E52B1600DA4F80 /* GetImageInfoExecutor.swift in Sources */ = {isa = PBXBuildFile; fileRef = CCE4AC3322E52B1600DA4F80 /* GetImageInfoExecutor.swift */; };
		CCE4AC3522E52B1600DA4F80 /* GetImageInfoExecutor.swift in Sources */ = {isa = PBXBuildFile; fileRef = CCE4AC3322E52B1600DA4F80 /* GetImageInfoExecutor.swift */; };
		CCE4AC3722E52B2600DA4F80 /* GetImageInfoExecutorError.swift in Sources */ = {isa = PBXBuildFile; fileRef = CCE4AC3622E52B2600DA4F80 /* GetImageInfoExecutorError.swift */; };
		CCE4AC3822E52B2600DA4F80 /* GetImageInfoExecutorError.swift in Sources */ = {isa = PBXBuildFile; fileRef = CCE4AC3622E52B2600DA4F80 /* GetImageInfoExecutorError.swift */; };
		CCE4AC3A22E52B3300DA4F80 /* DefaultGetImageInfoExecutor.swift in Sources */ = {isa = PBXBuildFile; fileRef = CCE4AC3922E52B3300DA4F80 /* DefaultGetImageInfoExecutor.swift */; };
		CCE4AC3B22E52B3300DA4F80 /* DefaultGetImageInfoExecutor.swift in Sources */ = {isa = PBXBuildFile; fileRef = CCE4AC3922E52B3300DA4F80 /* DefaultGetImageInfoExecutor.swift */; };
		CCE4AC3D22E52B4600DA4F80 /* GetImageUrlsExecutor.swift in Sources */ = {isa = PBXBuildFile; fileRef = CCE4AC3C22E52B4600DA4F80 /* GetImageUrlsExecutor.swift */; };
		CCE4AC3E22E52B4600DA4F80 /* GetImageUrlsExecutor.swift in Sources */ = {isa = PBXBuildFile; fileRef = CCE4AC3C22E52B4600DA4F80 /* GetImageUrlsExecutor.swift */; };
		CCE4AC4022E52B5200DA4F80 /* GetImageUrlsExecutorError.swift in Sources */ = {isa = PBXBuildFile; fileRef = CCE4AC3F22E52B5200DA4F80 /* GetImageUrlsExecutorError.swift */; };
		CCE4AC4122E52B5200DA4F80 /* GetImageUrlsExecutorError.swift in Sources */ = {isa = PBXBuildFile; fileRef = CCE4AC3F22E52B5200DA4F80 /* GetImageUrlsExecutorError.swift */; };
		CCE4AC4322E52B6000DA4F80 /* DefaultGetImageUrlsExecutor.swift in Sources */ = {isa = PBXBuildFile; fileRef = CCE4AC4222E52B6000DA4F80 /* DefaultGetImageUrlsExecutor.swift */; };
		CCE4AC4422E52B6000DA4F80 /* DefaultGetImageUrlsExecutor.swift in Sources */ = {isa = PBXBuildFile; fileRef = CCE4AC4222E52B6000DA4F80 /* DefaultGetImageUrlsExecutor.swift */; };
		CCE4AC4622E52B7300DA4F80 /* FetchPublicImagesExecutor.swift in Sources */ = {isa = PBXBuildFile; fileRef = CCE4AC4522E52B7300DA4F80 /* FetchPublicImagesExecutor.swift */; };
		CCE4AC4722E52B7300DA4F80 /* FetchPublicImagesExecutor.swift in Sources */ = {isa = PBXBuildFile; fileRef = CCE4AC4522E52B7300DA4F80 /* FetchPublicImagesExecutor.swift */; };
		CCE4AC4922E52B7E00DA4F80 /* FetchPublicImagesExecutorError.swift in Sources */ = {isa = PBXBuildFile; fileRef = CCE4AC4822E52B7E00DA4F80 /* FetchPublicImagesExecutorError.swift */; };
		CCE4AC4A22E52B7E00DA4F80 /* FetchPublicImagesExecutorError.swift in Sources */ = {isa = PBXBuildFile; fileRef = CCE4AC4822E52B7E00DA4F80 /* FetchPublicImagesExecutorError.swift */; };
		CCE4AC4C22E52B8900DA4F80 /* DefaultFetchPublicImagesExecutor.swift in Sources */ = {isa = PBXBuildFile; fileRef = CCE4AC4B22E52B8900DA4F80 /* DefaultFetchPublicImagesExecutor.swift */; };
		CCE4AC4D22E52B8900DA4F80 /* DefaultFetchPublicImagesExecutor.swift in Sources */ = {isa = PBXBuildFile; fileRef = CCE4AC4B22E52B8900DA4F80 /* DefaultFetchPublicImagesExecutor.swift */; };
		CCE4AC5222E5326300DA4F80 /* Gallery.storyboard in Resources */ = {isa = PBXBuildFile; fileRef = CCE4AC5122E5326300DA4F80 /* Gallery.storyboard */; };
		CCE4AC5522E536E800DA4F80 /* GalleryViewController.swift in Sources */ = {isa = PBXBuildFile; fileRef = CCE4AC5422E536E800DA4F80 /* GalleryViewController.swift */; };
		CCE4AC5822E5384000DA4F80 /* GalleryPresenter.swift in Sources */ = {isa = PBXBuildFile; fileRef = CCE4AC5722E5384000DA4F80 /* GalleryPresenter.swift */; };
		CCE4AC5922E5384000DA4F80 /* GalleryPresenter.swift in Sources */ = {isa = PBXBuildFile; fileRef = CCE4AC5722E5384000DA4F80 /* GalleryPresenter.swift */; };
		CCE4AC5B22E5384900DA4F80 /* GalleryScreen.swift in Sources */ = {isa = PBXBuildFile; fileRef = CCE4AC5A22E5384900DA4F80 /* GalleryScreen.swift */; };
		CCE4AC5C22E5384900DA4F80 /* GalleryScreen.swift in Sources */ = {isa = PBXBuildFile; fileRef = CCE4AC5A22E5384900DA4F80 /* GalleryScreen.swift */; };
		CCE4AC6322E5389A00DA4F80 /* GalleryPresenterTests.swift in Sources */ = {isa = PBXBuildFile; fileRef = CCE4AC6222E5389A00DA4F80 /* GalleryPresenterTests.swift */; };
		CCE4AC6522E538BA00DA4F80 /* GalleryScreenMock.swift in Sources */ = {isa = PBXBuildFile; fileRef = CCE4AC6422E538BA00DA4F80 /* GalleryScreenMock.swift */; };
		CCE4AC6A22E539E400DA4F80 /* FetchPublicImagesExecutorMock.swift in Sources */ = {isa = PBXBuildFile; fileRef = CCE4AC6922E539E400DA4F80 /* FetchPublicImagesExecutorMock.swift */; };
		CCE4AC6C22E53A3300DA4F80 /* FetchPublicImagesExecutorMockForFailure.swift in Sources */ = {isa = PBXBuildFile; fileRef = CCE4AC6B22E53A3300DA4F80 /* FetchPublicImagesExecutorMockForFailure.swift */; };
		CCE4AC6E22E555A500DA4F80 /* GalleryViewControllerDataSourceExtension.swift in Sources */ = {isa = PBXBuildFile; fileRef = CCE4AC6D22E555A500DA4F80 /* GalleryViewControllerDataSourceExtension.swift */; };
		CCE4AC7522E5574700DA4F80 /* ImageCollectionViewCell.swift in Sources */ = {isa = PBXBuildFile; fileRef = CCE4AC7322E5574700DA4F80 /* ImageCollectionViewCell.swift */; };
		CCE4AC7622E5574700DA4F80 /* ImageCollectionViewCell.xib in Resources */ = {isa = PBXBuildFile; fileRef = CCE4AC7422E5574700DA4F80 /* ImageCollectionViewCell.xib */; };
		CCE4AC7A22E5584100DA4F80 /* ImageCellMock.swift in Sources */ = {isa = PBXBuildFile; fileRef = CCE4AC7922E5584100DA4F80 /* ImageCellMock.swift */; };
		CCE4AC7C22E5585100DA4F80 /* ImageCellPresenterTests.swift in Sources */ = {isa = PBXBuildFile; fileRef = CCE4AC7B22E5585100DA4F80 /* ImageCellPresenterTests.swift */; };
		CCE4AC7E22E5587E00DA4F80 /* ImageCell.swift in Sources */ = {isa = PBXBuildFile; fileRef = CCE4AC7D22E5587E00DA4F80 /* ImageCell.swift */; };
		CCE4AC7F22E5587E00DA4F80 /* ImageCell.swift in Sources */ = {isa = PBXBuildFile; fileRef = CCE4AC7D22E5587E00DA4F80 /* ImageCell.swift */; };
		CCE4AC8322E5593600DA4F80 /* GetImageUrlsExecutorMock.swift in Sources */ = {isa = PBXBuildFile; fileRef = CCE4AC8222E5593600DA4F80 /* GetImageUrlsExecutorMock.swift */; };
		CCE4AC8522E55A2000DA4F80 /* GetImageUrlsExecutorMockForFailure.swift in Sources */ = {isa = PBXBuildFile; fileRef = CCE4AC8422E55A2000DA4F80 /* GetImageUrlsExecutorMockForFailure.swift */; };
		CCE4AC8722E55A9C00DA4F80 /* ImageCellPresenter.swift in Sources */ = {isa = PBXBuildFile; fileRef = CCE4AC8622E55A9C00DA4F80 /* ImageCellPresenter.swift */; };
		CCE4AC8822E55A9C00DA4F80 /* ImageCellPresenter.swift in Sources */ = {isa = PBXBuildFile; fileRef = CCE4AC8622E55A9C00DA4F80 /* ImageCellPresenter.swift */; };
		CCE4AC8A22E55D9B00DA4F80 /* ImageCollectionViewCellPresenterExtension.swift in Sources */ = {isa = PBXBuildFile; fileRef = CCE4AC8922E55D9B00DA4F80 /* ImageCollectionViewCellPresenterExtension.swift */; };
		CCE4AC8D22E55E1900DA4F80 /* GalleryViewControllerFlowLayoutExtension.swift in Sources */ = {isa = PBXBuildFile; fileRef = CCE4AC8C22E55E1900DA4F80 /* GalleryViewControllerFlowLayoutExtension.swift */; };
		CCE4AC8F22E55E3E00DA4F80 /* GalleryViewControllerPresenterExtension.swift in Sources */ = {isa = PBXBuildFile; fileRef = CCE4AC8E22E55E3E00DA4F80 /* GalleryViewControllerPresenterExtension.swift */; };
		CCE4AC9122E55E9200DA4F80 /* ImageCollectionLoadingFooterView.swift in Sources */ = {isa = PBXBuildFile; fileRef = CCE4AC9022E55E9200DA4F80 /* ImageCollectionLoadingFooterView.swift */; };
		CCE4AC9A22E6116000DA4F80 /* ImageDetails.storyboard in Resources */ = {isa = PBXBuildFile; fileRef = CCE4AC9922E6116000DA4F80 /* ImageDetails.storyboard */; };
		CCE4AC9C22E6117500DA4F80 /* ImageDetailsViewController.swift in Sources */ = {isa = PBXBuildFile; fileRef = CCE4AC9B22E6117500DA4F80 /* ImageDetailsViewController.swift */; };
		CCE4AC9E22E61D1B00DA4F80 /* ImageDetailsPresenter.swift in Sources */ = {isa = PBXBuildFile; fileRef = CCE4AC9D22E61D1B00DA4F80 /* ImageDetailsPresenter.swift */; };
		CCE4AC9F22E61D1B00DA4F80 /* ImageDetailsPresenter.swift in Sources */ = {isa = PBXBuildFile; fileRef = CCE4AC9D22E61D1B00DA4F80 /* ImageDetailsPresenter.swift */; };
		CCE4ACA422E61D8800DA4F80 /* ImageDetailsScreenMock.swift in Sources */ = {isa = PBXBuildFile; fileRef = CCE4ACA322E61D8800DA4F80 /* ImageDetailsScreenMock.swift */; };
		CCE4ACA622E61EC100DA4F80 /* ImageDetailsScreen.swift in Sources */ = {isa = PBXBuildFile; fileRef = CCE4ACA522E61EC100DA4F80 /* ImageDetailsScreen.swift */; };
		CCE4ACA722E61EC100DA4F80 /* ImageDetailsScreen.swift in Sources */ = {isa = PBXBuildFile; fileRef = CCE4ACA522E61EC100DA4F80 /* ImageDetailsScreen.swift */; };
		CCE4ACA922E61EF300DA4F80 /* ImageDetailsPresenterTests.swift in Sources */ = {isa = PBXBuildFile; fileRef = CCE4ACA822E61EF300DA4F80 /* ImageDetailsPresenterTests.swift */; };
		CCE4ACAC22E6204200DA4F80 /* GetImageInfoExecutorMock.swift in Sources */ = {isa = PBXBuildFile; fileRef = CCE4ACAB22E6204200DA4F80 /* GetImageInfoExecutorMock.swift */; };
		CCE4ACAE22E6209200DA4F80 /* GetImageInfoExecutorMockForFailure.swift in Sources */ = {isa = PBXBuildFile; fileRef = CCE4ACAD22E6209200DA4F80 /* GetImageInfoExecutorMockForFailure.swift */; };
		CCE4ACB022E626CE00DA4F80 /* ImageDetailsViewControllerPresenterExtension.swift in Sources */ = {isa = PBXBuildFile; fileRef = CCE4ACAF22E626CE00DA4F80 /* ImageDetailsViewControllerPresenterExtension.swift */; };
		CCE4ACB322E629F300DA4F80 /* Alerts.swift in Sources */ = {isa = PBXBuildFile; fileRef = CCE4ACB222E629F300DA4F80 /* Alerts.swift */; };
/* End PBXBuildFile section */

/* Begin PBXContainerItemProxy section */
		CCE4AB6922E3C6E800DA4F80 /* PBXContainerItemProxy */ = {
			isa = PBXContainerItemProxy;
			containerPortal = CCE4AB4C22E3C6E600DA4F80 /* Project object */;
			proxyType = 1;
			remoteGlobalIDString = CCE4AB5322E3C6E600DA4F80;
			remoteInfo = "Flickr-UserGallery";
		};
		CCE4AB7422E3C6E800DA4F80 /* PBXContainerItemProxy */ = {
			isa = PBXContainerItemProxy;
			containerPortal = CCE4AB4C22E3C6E600DA4F80 /* Project object */;
			proxyType = 1;
			remoteGlobalIDString = CCE4AB5322E3C6E600DA4F80;
			remoteInfo = "Flickr-UserGallery";
		};
/* End PBXContainerItemProxy section */

/* Begin PBXFileReference section */
		CCE4AB5422E3C6E600DA4F80 /* Flickr-UserGallery.app */ = {isa = PBXFileReference; explicitFileType = wrapper.application; includeInIndex = 0; path = "Flickr-UserGallery.app"; sourceTree = BUILT_PRODUCTS_DIR; };
		CCE4AB5722E3C6E600DA4F80 /* AppDelegate.swift */ = {isa = PBXFileReference; lastKnownFileType = sourcecode.swift; path = AppDelegate.swift; sourceTree = "<group>"; };
		CCE4AB5E22E3C6E800DA4F80 /* Assets.xcassets */ = {isa = PBXFileReference; lastKnownFileType = folder.assetcatalog; path = Assets.xcassets; sourceTree = "<group>"; };
		CCE4AB6122E3C6E800DA4F80 /* Base */ = {isa = PBXFileReference; lastKnownFileType = file.storyboard; name = Base; path = Base.lproj/LaunchScreen.storyboard; sourceTree = "<group>"; };
		CCE4AB6322E3C6E800DA4F80 /* Info.plist */ = {isa = PBXFileReference; lastKnownFileType = text.plist.xml; path = Info.plist; sourceTree = "<group>"; };
		CCE4AB6822E3C6E800DA4F80 /* Flickr-UserGalleryTests.xctest */ = {isa = PBXFileReference; explicitFileType = wrapper.cfbundle; includeInIndex = 0; path = "Flickr-UserGalleryTests.xctest"; sourceTree = BUILT_PRODUCTS_DIR; };
		CCE4AB6C22E3C6E800DA4F80 /* Flickr_UserGalleryTests.swift */ = {isa = PBXFileReference; lastKnownFileType = sourcecode.swift; path = Flickr_UserGalleryTests.swift; sourceTree = "<group>"; };
		CCE4AB6E22E3C6E800DA4F80 /* Info.plist */ = {isa = PBXFileReference; lastKnownFileType = text.plist.xml; path = Info.plist; sourceTree = "<group>"; };
		CCE4AB7322E3C6E800DA4F80 /* Flickr-UserGalleryUITests.xctest */ = {isa = PBXFileReference; explicitFileType = wrapper.cfbundle; includeInIndex = 0; path = "Flickr-UserGalleryUITests.xctest"; sourceTree = BUILT_PRODUCTS_DIR; };
		CCE4AB7722E3C6E800DA4F80 /* Flickr_UserGalleryUITests.swift */ = {isa = PBXFileReference; lastKnownFileType = sourcecode.swift; path = Flickr_UserGalleryUITests.swift; sourceTree = "<group>"; };
		CCE4AB7922E3C6E800DA4F80 /* Info.plist */ = {isa = PBXFileReference; lastKnownFileType = text.plist.xml; path = Info.plist; sourceTree = "<group>"; };
		CCE4AB8922E3CA8D00DA4F80 /* ParameterizedUseCase.swift */ = {isa = PBXFileReference; lastKnownFileType = sourcecode.swift; path = ParameterizedUseCase.swift; sourceTree = "<group>"; };
		CCE4AB8F22E3CB3700DA4F80 /* ImageUrls.swift */ = {isa = PBXFileReference; lastKnownFileType = sourcecode.swift; path = ImageUrls.swift; sourceTree = "<group>"; };
		CCE4AB9322E3CB6500DA4F80 /* GetImageUrls.swift */ = {isa = PBXFileReference; lastKnownFileType = sourcecode.swift; path = GetImageUrls.swift; sourceTree = "<group>"; };
		CCE4AB9622E3CB7E00DA4F80 /* ImageUrlsFetcher.swift */ = {isa = PBXFileReference; lastKnownFileType = sourcecode.swift; path = ImageUrlsFetcher.swift; sourceTree = "<group>"; };
		CCE4AB9922E3CB9A00DA4F80 /* ImageUrlsReceiver.swift */ = {isa = PBXFileReference; lastKnownFileType = sourcecode.swift; path = ImageUrlsReceiver.swift; sourceTree = "<group>"; };
		CCE4ABA022E3CC8E00DA4F80 /* GetImageUrlsTests.swift */ = {isa = PBXFileReference; lastKnownFileType = sourcecode.swift; path = GetImageUrlsTests.swift; sourceTree = "<group>"; };
		CCE4ABA222E3CCA800DA4F80 /* ImageUrlsFetcherMock.swift */ = {isa = PBXFileReference; lastKnownFileType = sourcecode.swift; path = ImageUrlsFetcherMock.swift; sourceTree = "<group>"; };
		CCE4ABA522E3CCE700DA4F80 /* ImageUrlsFixture.swift */ = {isa = PBXFileReference; lastKnownFileType = sourcecode.swift; path = ImageUrlsFixture.swift; sourceTree = "<group>"; };
		CCE4ABA722E3CD2400DA4F80 /* ImageUrlsReceiverMock.swift */ = {isa = PBXFileReference; lastKnownFileType = sourcecode.swift; path = ImageUrlsReceiverMock.swift; sourceTree = "<group>"; };
		CCE4ABA922E3CD4000DA4F80 /* ImageUrlsFetcherMockForFailure.swift */ = {isa = PBXFileReference; lastKnownFileType = sourcecode.swift; path = ImageUrlsFetcherMockForFailure.swift; sourceTree = "<group>"; };
		CCE4ABAB22E3CD6C00DA4F80 /* ImageUrlsFetcherError.swift */ = {isa = PBXFileReference; lastKnownFileType = sourcecode.swift; path = ImageUrlsFetcherError.swift; sourceTree = "<group>"; };
		CCE4ABAF22E3E8A700DA4F80 /* FetchPublicImagesTests.swift */ = {isa = PBXFileReference; lastKnownFileType = sourcecode.swift; path = FetchPublicImagesTests.swift; sourceTree = "<group>"; };
		CCE4ABB122E3EDF300DA4F80 /* PublicImagesFetcherMock.swift */ = {isa = PBXFileReference; lastKnownFileType = sourcecode.swift; path = PublicImagesFetcherMock.swift; sourceTree = "<group>"; };
		CCE4ABB422E3EE7E00DA4F80 /* PublicImagesFetcher.swift */ = {isa = PBXFileReference; lastKnownFileType = sourcecode.swift; path = PublicImagesFetcher.swift; sourceTree = "<group>"; };
		CCE4ABBA22E3EF4E00DA4F80 /* Query.swift */ = {isa = PBXFileReference; lastKnownFileType = sourcecode.swift; path = Query.swift; sourceTree = "<group>"; };
		CCE4ABBD22E3EF9E00DA4F80 /* ImageSummary.swift */ = {isa = PBXFileReference; lastKnownFileType = sourcecode.swift; path = ImageSummary.swift; sourceTree = "<group>"; };
		CCE4ABC022E3F04400DA4F80 /* PublicImagesReceiverMock.swift */ = {isa = PBXFileReference; lastKnownFileType = sourcecode.swift; path = PublicImagesReceiverMock.swift; sourceTree = "<group>"; };
		CCE4ABC322E3F0B000DA4F80 /* PublicImagesReceiver.swift */ = {isa = PBXFileReference; lastKnownFileType = sourcecode.swift; path = PublicImagesReceiver.swift; sourceTree = "<group>"; };
		CCE4ABC622E3F0DC00DA4F80 /* FetchPublicImages.swift */ = {isa = PBXFileReference; lastKnownFileType = sourcecode.swift; path = FetchPublicImages.swift; sourceTree = "<group>"; };
		CCE4ABCB22E3F18500DA4F80 /* QueryFixture.swift */ = {isa = PBXFileReference; lastKnownFileType = sourcecode.swift; path = QueryFixture.swift; sourceTree = "<group>"; };
		CCE4ABCD22E3F1E500DA4F80 /* PublicImagesFetcherMockForFailure.swift */ = {isa = PBXFileReference; lastKnownFileType = sourcecode.swift; path = PublicImagesFetcherMockForFailure.swift; sourceTree = "<group>"; };
		CCE4ABCF22E3F24A00DA4F80 /* PublicImagesFetcherError.swift */ = {isa = PBXFileReference; lastKnownFileType = sourcecode.swift; path = PublicImagesFetcherError.swift; sourceTree = "<group>"; };
		CCE4ABD322E4D45300DA4F80 /* GetImageInfoTests.swift */ = {isa = PBXFileReference; lastKnownFileType = sourcecode.swift; path = GetImageInfoTests.swift; sourceTree = "<group>"; };
		CCE4ABD522E4D47F00DA4F80 /* ImageInfoFetcherMock.swift */ = {isa = PBXFileReference; lastKnownFileType = sourcecode.swift; path = ImageInfoFetcherMock.swift; sourceTree = "<group>"; };
		CCE4ABD722E4D48B00DA4F80 /* ImageInfoFetcherMockForFailure.swift */ = {isa = PBXFileReference; lastKnownFileType = sourcecode.swift; path = ImageInfoFetcherMockForFailure.swift; sourceTree = "<group>"; };
		CCE4ABD922E4D4AC00DA4F80 /* ImageInfoReceiverMock.swift */ = {isa = PBXFileReference; lastKnownFileType = sourcecode.swift; path = ImageInfoReceiverMock.swift; sourceTree = "<group>"; };
		CCE4ABDB22E4D4E300DA4F80 /* ImageInfoFixture.swift */ = {isa = PBXFileReference; lastKnownFileType = sourcecode.swift; path = ImageInfoFixture.swift; sourceTree = "<group>"; };
		CCE4ABDD22E4D52A00DA4F80 /* ImageInfo.swift */ = {isa = PBXFileReference; lastKnownFileType = sourcecode.swift; path = ImageInfo.swift; sourceTree = "<group>"; };
		CCE4ABE122E4D7DA00DA4F80 /* GetImageInfo.swift */ = {isa = PBXFileReference; lastKnownFileType = sourcecode.swift; path = GetImageInfo.swift; sourceTree = "<group>"; };
		CCE4ABE422E4D7EA00DA4F80 /* ImageInfoFetcher.swift */ = {isa = PBXFileReference; lastKnownFileType = sourcecode.swift; path = ImageInfoFetcher.swift; sourceTree = "<group>"; };
		CCE4ABE722E4D7F100DA4F80 /* ImageInfoFetcherError.swift */ = {isa = PBXFileReference; lastKnownFileType = sourcecode.swift; path = ImageInfoFetcherError.swift; sourceTree = "<group>"; };
		CCE4ABEA22E4D81A00DA4F80 /* ImageInfoReceiver.swift */ = {isa = PBXFileReference; lastKnownFileType = sourcecode.swift; path = ImageInfoReceiver.swift; sourceTree = "<group>"; };
		CCE4ABF022E4FF0900DA4F80 /* DependencyReceiver.swift */ = {isa = PBXFileReference; lastKnownFileType = sourcecode.swift; path = DependencyReceiver.swift; sourceTree = "<group>"; };
		CCE4ABF322E4FF1800DA4F80 /* DependencyProvider.swift */ = {isa = PBXFileReference; lastKnownFileType = sourcecode.swift; path = DependencyProvider.swift; sourceTree = "<group>"; };
		CCE4ABF622E4FF2300DA4F80 /* DependencyConfigurator.swift */ = {isa = PBXFileReference; lastKnownFileType = sourcecode.swift; path = DependencyConfigurator.swift; sourceTree = "<group>"; };
		CCE4ABFD22E500CF00DA4F80 /* HTTPClient.swift */ = {isa = PBXFileReference; lastKnownFileType = sourcecode.swift; path = HTTPClient.swift; sourceTree = "<group>"; };
		CCE4AC0022E500F800DA4F80 /* HTTPClientError.swift */ = {isa = PBXFileReference; lastKnownFileType = sourcecode.swift; path = HTTPClientError.swift; sourceTree = "<group>"; };
		CCE4AC0422E5026C00DA4F80 /* Alamofire.framework */ = {isa = PBXFileReference; lastKnownFileType = wrapper.framework; name = Alamofire.framework; path = Carthage/Build/iOS/Alamofire.framework; sourceTree = "<group>"; };
		CCE4AC0522E5026C00DA4F80 /* Kingfisher.framework */ = {isa = PBXFileReference; lastKnownFileType = wrapper.framework; name = Kingfisher.framework; path = Carthage/Build/iOS/Kingfisher.framework; sourceTree = "<group>"; };
		CCE4AC0922E5030C00DA4F80 /* DefaultHTTPClient.swift */ = {isa = PBXFileReference; lastKnownFileType = sourcecode.swift; path = DefaultHTTPClient.swift; sourceTree = "<group>"; };
		CCE4AC0B22E505E600DA4F80 /* FlickrInfoProvider.swift */ = {isa = PBXFileReference; lastKnownFileType = sourcecode.swift; path = FlickrInfoProvider.swift; sourceTree = "<group>"; };
		CCE4AC1322E5116000DA4F80 /* DefaultImageInfoFetcher.swift */ = {isa = PBXFileReference; lastKnownFileType = sourcecode.swift; path = DefaultImageInfoFetcher.swift; sourceTree = "<group>"; };
		CCE4AC1622E5150000DA4F80 /* ImageInfoJSONParser.swift */ = {isa = PBXFileReference; lastKnownFileType = sourcecode.swift; path = ImageInfoJSONParser.swift; sourceTree = "<group>"; };
		CCE4AC1822E5151600DA4F80 /* ImageInfoJSONParserError.swift */ = {isa = PBXFileReference; lastKnownFileType = sourcecode.swift; path = ImageInfoJSONParserError.swift; sourceTree = "<group>"; };
		CCE4AC1A22E5152B00DA4F80 /* DefaultImageInfoJSONParser.swift */ = {isa = PBXFileReference; lastKnownFileType = sourcecode.swift; path = DefaultImageInfoJSONParser.swift; sourceTree = "<group>"; };
		CCE4AC1D22E5208000DA4F80 /* ImageUrlsJSONParser.swift */ = {isa = PBXFileReference; lastKnownFileType = sourcecode.swift; path = ImageUrlsJSONParser.swift; sourceTree = "<group>"; };
		CCE4AC1F22E5209D00DA4F80 /* ImageUrlsJSONParserError.swift */ = {isa = PBXFileReference; lastKnownFileType = sourcecode.swift; path = ImageUrlsJSONParserError.swift; sourceTree = "<group>"; };
		CCE4AC2122E520B600DA4F80 /* DefaultImageUrlsJSONParser.swift */ = {isa = PBXFileReference; lastKnownFileType = sourcecode.swift; path = DefaultImageUrlsJSONParser.swift; sourceTree = "<group>"; };
		CCE4AC2322E520D900DA4F80 /* DefaultImageUrlsFetcher.swift */ = {isa = PBXFileReference; lastKnownFileType = sourcecode.swift; path = DefaultImageUrlsFetcher.swift; sourceTree = "<group>"; };
		CCE4AC2622E5272800DA4F80 /* ImageSummaryJSONParser.swift */ = {isa = PBXFileReference; lastKnownFileType = sourcecode.swift; path = ImageSummaryJSONParser.swift; sourceTree = "<group>"; };
		CCE4AC2822E5276D00DA4F80 /* ImageSummaryJSONParserError.swift */ = {isa = PBXFileReference; lastKnownFileType = sourcecode.swift; path = ImageSummaryJSONParserError.swift; sourceTree = "<group>"; };
		CCE4AC2A22E527A700DA4F80 /* DefaultImageSummaryJSONParser.swift */ = {isa = PBXFileReference; lastKnownFileType = sourcecode.swift; path = DefaultImageSummaryJSONParser.swift; sourceTree = "<group>"; };
		CCE4AC2C22E5288F00DA4F80 /* DefaultPublicImagesFetcher.swift */ = {isa = PBXFileReference; lastKnownFileType = sourcecode.swift; path = DefaultPublicImagesFetcher.swift; sourceTree = "<group>"; };
		CCE4AC3322E52B1600DA4F80 /* GetImageInfoExecutor.swift */ = {isa = PBXFileReference; lastKnownFileType = sourcecode.swift; path = GetImageInfoExecutor.swift; sourceTree = "<group>"; };
		CCE4AC3622E52B2600DA4F80 /* GetImageInfoExecutorError.swift */ = {isa = PBXFileReference; lastKnownFileType = sourcecode.swift; path = GetImageInfoExecutorError.swift; sourceTree = "<group>"; };
		CCE4AC3922E52B3300DA4F80 /* DefaultGetImageInfoExecutor.swift */ = {isa = PBXFileReference; lastKnownFileType = sourcecode.swift; path = DefaultGetImageInfoExecutor.swift; sourceTree = "<group>"; };
		CCE4AC3C22E52B4600DA4F80 /* GetImageUrlsExecutor.swift */ = {isa = PBXFileReference; lastKnownFileType = sourcecode.swift; path = GetImageUrlsExecutor.swift; sourceTree = "<group>"; };
		CCE4AC3F22E52B5200DA4F80 /* GetImageUrlsExecutorError.swift */ = {isa = PBXFileReference; lastKnownFileType = sourcecode.swift; path = GetImageUrlsExecutorError.swift; sourceTree = "<group>"; };
		CCE4AC4222E52B6000DA4F80 /* DefaultGetImageUrlsExecutor.swift */ = {isa = PBXFileReference; lastKnownFileType = sourcecode.swift; path = DefaultGetImageUrlsExecutor.swift; sourceTree = "<group>"; };
		CCE4AC4522E52B7300DA4F80 /* FetchPublicImagesExecutor.swift */ = {isa = PBXFileReference; lastKnownFileType = sourcecode.swift; path = FetchPublicImagesExecutor.swift; sourceTree = "<group>"; };
		CCE4AC4822E52B7E00DA4F80 /* FetchPublicImagesExecutorError.swift */ = {isa = PBXFileReference; lastKnownFileType = sourcecode.swift; path = FetchPublicImagesExecutorError.swift; sourceTree = "<group>"; };
		CCE4AC4B22E52B8900DA4F80 /* DefaultFetchPublicImagesExecutor.swift */ = {isa = PBXFileReference; lastKnownFileType = sourcecode.swift; path = DefaultFetchPublicImagesExecutor.swift; sourceTree = "<group>"; };
		CCE4AC5122E5326300DA4F80 /* Gallery.storyboard */ = {isa = PBXFileReference; lastKnownFileType = file.storyboard; path = Gallery.storyboard; sourceTree = "<group>"; };
		CCE4AC5422E536E800DA4F80 /* GalleryViewController.swift */ = {isa = PBXFileReference; lastKnownFileType = sourcecode.swift; path = GalleryViewController.swift; sourceTree = "<group>"; };
		CCE4AC5722E5384000DA4F80 /* GalleryPresenter.swift */ = {isa = PBXFileReference; lastKnownFileType = sourcecode.swift; path = GalleryPresenter.swift; sourceTree = "<group>"; };
		CCE4AC5A22E5384900DA4F80 /* GalleryScreen.swift */ = {isa = PBXFileReference; lastKnownFileType = sourcecode.swift; path = GalleryScreen.swift; sourceTree = "<group>"; };
		CCE4AC6222E5389A00DA4F80 /* GalleryPresenterTests.swift */ = {isa = PBXFileReference; lastKnownFileType = sourcecode.swift; path = GalleryPresenterTests.swift; sourceTree = "<group>"; };
		CCE4AC6422E538BA00DA4F80 /* GalleryScreenMock.swift */ = {isa = PBXFileReference; lastKnownFileType = sourcecode.swift; path = GalleryScreenMock.swift; sourceTree = "<group>"; };
		CCE4AC6922E539E400DA4F80 /* FetchPublicImagesExecutorMock.swift */ = {isa = PBXFileReference; lastKnownFileType = sourcecode.swift; path = FetchPublicImagesExecutorMock.swift; sourceTree = "<group>"; };
		CCE4AC6B22E53A3300DA4F80 /* FetchPublicImagesExecutorMockForFailure.swift */ = {isa = PBXFileReference; lastKnownFileType = sourcecode.swift; path = FetchPublicImagesExecutorMockForFailure.swift; sourceTree = "<group>"; };
		CCE4AC6D22E555A500DA4F80 /* GalleryViewControllerDataSourceExtension.swift */ = {isa = PBXFileReference; lastKnownFileType = sourcecode.swift; path = GalleryViewControllerDataSourceExtension.swift; sourceTree = "<group>"; };
		CCE4AC7322E5574700DA4F80 /* ImageCollectionViewCell.swift */ = {isa = PBXFileReference; lastKnownFileType = sourcecode.swift; path = ImageCollectionViewCell.swift; sourceTree = "<group>"; };
		CCE4AC7422E5574700DA4F80 /* ImageCollectionViewCell.xib */ = {isa = PBXFileReference; lastKnownFileType = file.xib; path = ImageCollectionViewCell.xib; sourceTree = "<group>"; };
		CCE4AC7922E5584100DA4F80 /* ImageCellMock.swift */ = {isa = PBXFileReference; lastKnownFileType = sourcecode.swift; path = ImageCellMock.swift; sourceTree = "<group>"; };
		CCE4AC7B22E5585100DA4F80 /* ImageCellPresenterTests.swift */ = {isa = PBXFileReference; lastKnownFileType = sourcecode.swift; path = ImageCellPresenterTests.swift; sourceTree = "<group>"; };
		CCE4AC7D22E5587E00DA4F80 /* ImageCell.swift */ = {isa = PBXFileReference; lastKnownFileType = sourcecode.swift; path = ImageCell.swift; sourceTree = "<group>"; };
		CCE4AC8222E5593600DA4F80 /* GetImageUrlsExecutorMock.swift */ = {isa = PBXFileReference; lastKnownFileType = sourcecode.swift; path = GetImageUrlsExecutorMock.swift; sourceTree = "<group>"; };
		CCE4AC8422E55A2000DA4F80 /* GetImageUrlsExecutorMockForFailure.swift */ = {isa = PBXFileReference; lastKnownFileType = sourcecode.swift; path = GetImageUrlsExecutorMockForFailure.swift; sourceTree = "<group>"; };
		CCE4AC8622E55A9C00DA4F80 /* ImageCellPresenter.swift */ = {isa = PBXFileReference; lastKnownFileType = sourcecode.swift; path = ImageCellPresenter.swift; sourceTree = "<group>"; };
		CCE4AC8922E55D9B00DA4F80 /* ImageCollectionViewCellPresenterExtension.swift */ = {isa = PBXFileReference; lastKnownFileType = sourcecode.swift; path = ImageCollectionViewCellPresenterExtension.swift; sourceTree = "<group>"; };
		CCE4AC8C22E55E1900DA4F80 /* GalleryViewControllerFlowLayoutExtension.swift */ = {isa = PBXFileReference; lastKnownFileType = sourcecode.swift; path = GalleryViewControllerFlowLayoutExtension.swift; sourceTree = "<group>"; };
		CCE4AC8E22E55E3E00DA4F80 /* GalleryViewControllerPresenterExtension.swift */ = {isa = PBXFileReference; lastKnownFileType = sourcecode.swift; path = GalleryViewControllerPresenterExtension.swift; sourceTree = "<group>"; };
		CCE4AC9022E55E9200DA4F80 /* ImageCollectionLoadingFooterView.swift */ = {isa = PBXFileReference; lastKnownFileType = sourcecode.swift; path = ImageCollectionLoadingFooterView.swift; sourceTree = "<group>"; };
		CCE4AC9922E6116000DA4F80 /* ImageDetails.storyboard */ = {isa = PBXFileReference; lastKnownFileType = file.storyboard; path = ImageDetails.storyboard; sourceTree = "<group>"; };
		CCE4AC9B22E6117500DA4F80 /* ImageDetailsViewController.swift */ = {isa = PBXFileReference; lastKnownFileType = sourcecode.swift; path = ImageDetailsViewController.swift; sourceTree = "<group>"; };
		CCE4AC9D22E61D1B00DA4F80 /* ImageDetailsPresenter.swift */ = {isa = PBXFileReference; lastKnownFileType = sourcecode.swift; path = ImageDetailsPresenter.swift; sourceTree = "<group>"; };
		CCE4ACA322E61D8800DA4F80 /* ImageDetailsScreenMock.swift */ = {isa = PBXFileReference; lastKnownFileType = sourcecode.swift; path = ImageDetailsScreenMock.swift; sourceTree = "<group>"; };
		CCE4ACA522E61EC100DA4F80 /* ImageDetailsScreen.swift */ = {isa = PBXFileReference; lastKnownFileType = sourcecode.swift; path = ImageDetailsScreen.swift; sourceTree = "<group>"; };
		CCE4ACA822E61EF300DA4F80 /* ImageDetailsPresenterTests.swift */ = {isa = PBXFileReference; lastKnownFileType = sourcecode.swift; path = ImageDetailsPresenterTests.swift; sourceTree = "<group>"; };
		CCE4ACAB22E6204200DA4F80 /* GetImageInfoExecutorMock.swift */ = {isa = PBXFileReference; lastKnownFileType = sourcecode.swift; path = GetImageInfoExecutorMock.swift; sourceTree = "<group>"; };
		CCE4ACAD22E6209200DA4F80 /* GetImageInfoExecutorMockForFailure.swift */ = {isa = PBXFileReference; lastKnownFileType = sourcecode.swift; path = GetImageInfoExecutorMockForFailure.swift; sourceTree = "<group>"; };
		CCE4ACAF22E626CE00DA4F80 /* ImageDetailsViewControllerPresenterExtension.swift */ = {isa = PBXFileReference; lastKnownFileType = sourcecode.swift; path = ImageDetailsViewControllerPresenterExtension.swift; sourceTree = "<group>"; };
		CCE4ACB222E629F300DA4F80 /* Alerts.swift */ = {isa = PBXFileReference; lastKnownFileType = sourcecode.swift; path = Alerts.swift; sourceTree = "<group>"; };
/* End PBXFileReference section */

/* Begin PBXFrameworksBuildPhase section */
		CCE4AB5122E3C6E600DA4F80 /* Frameworks */ = {
			isa = PBXFrameworksBuildPhase;
			buildActionMask = 2147483647;
			files = (
				CCE4AC0622E5026C00DA4F80 /* Alamofire.framework in Frameworks */,
				CCE4AC0722E5026C00DA4F80 /* Kingfisher.framework in Frameworks */,
			);
			runOnlyForDeploymentPostprocessing = 0;
		};
		CCE4AB6522E3C6E800DA4F80 /* Frameworks */ = {
			isa = PBXFrameworksBuildPhase;
			buildActionMask = 2147483647;
			files = (
			);
			runOnlyForDeploymentPostprocessing = 0;
		};
		CCE4AB7022E3C6E800DA4F80 /* Frameworks */ = {
			isa = PBXFrameworksBuildPhase;
			buildActionMask = 2147483647;
			files = (
			);
			runOnlyForDeploymentPostprocessing = 0;
		};
/* End PBXFrameworksBuildPhase section */

/* Begin PBXGroup section */
		CCE4AB4B22E3C6E600DA4F80 = {
			isa = PBXGroup;
			children = (
				CCE4AB5622E3C6E600DA4F80 /* Sources */,
				CCE4AB6B22E3C6E800DA4F80 /* Tests */,
				CCE4AB7622E3C6E800DA4F80 /* UITests */,
				CCE4AB5522E3C6E600DA4F80 /* Products */,
				CCE4AC0322E5026C00DA4F80 /* Frameworks */,
			);
			sourceTree = "<group>";
		};
		CCE4AB5522E3C6E600DA4F80 /* Products */ = {
			isa = PBXGroup;
			children = (
				CCE4AB5422E3C6E600DA4F80 /* Flickr-UserGallery.app */,
				CCE4AB6822E3C6E800DA4F80 /* Flickr-UserGalleryTests.xctest */,
				CCE4AB7322E3C6E800DA4F80 /* Flickr-UserGalleryUITests.xctest */,
			);
			name = Products;
			sourceTree = "<group>";
		};
		CCE4AB5622E3C6E600DA4F80 /* Sources */ = {
			isa = PBXGroup;
			children = (
				CCE4AB6322E3C6E800DA4F80 /* Info.plist */,
				CCE4ABED22E4FEDC00DA4F80 /* App */,
				CCE4AB8622E3CA5500DA4F80 /* Core */,
			);
			path = Sources;
			sourceTree = "<group>";
		};
		CCE4AB6B22E3C6E800DA4F80 /* Tests */ = {
			isa = PBXGroup;
			children = (
				CCE4AC5D22E5385F00DA4F80 /* App */,
				CCE4AB9C22E3CC4300DA4F80 /* Core */,
				CCE4AB6C22E3C6E800DA4F80 /* Flickr_UserGalleryTests.swift */,
				CCE4AB6E22E3C6E800DA4F80 /* Info.plist */,
			);
			path = Tests;
			sourceTree = "<group>";
		};
		CCE4AB7622E3C6E800DA4F80 /* UITests */ = {
			isa = PBXGroup;
			children = (
				CCE4AB7722E3C6E800DA4F80 /* Flickr_UserGalleryUITests.swift */,
				CCE4AB7922E3C6E800DA4F80 /* Info.plist */,
			);
			path = UITests;
			sourceTree = "<group>";
		};
		CCE4AB8622E3CA5500DA4F80 /* Core */ = {
			isa = PBXGroup;
			children = (
				CCE4ABB722E3EEF300DA4F80 /* Gallery */,
				CCE4AB8C22E3CAE200DA4F80 /* Image */,
				CCE4AB8722E3CA6900DA4F80 /* Shared */,
			);
			path = Core;
			sourceTree = "<group>";
		};
		CCE4AB8722E3CA6900DA4F80 /* Shared */ = {
			isa = PBXGroup;
			children = (
				CCE4AB8822E3CA6E00DA4F80 /* UseCase */,
			);
			path = Shared;
			sourceTree = "<group>";
		};
		CCE4AB8822E3CA6E00DA4F80 /* UseCase */ = {
			isa = PBXGroup;
			children = (
				CCE4AB8922E3CA8D00DA4F80 /* ParameterizedUseCase.swift */,
			);
			path = UseCase;
			sourceTree = "<group>";
		};
		CCE4AB8C22E3CAE200DA4F80 /* Image */ = {
			isa = PBXGroup;
			children = (
				CCE4AB8D22E3CB1F00DA4F80 /* Model */,
				CCE4AB8E22E3CB2400DA4F80 /* UseCase */,
			);
			path = Image;
			sourceTree = "<group>";
		};
		CCE4AB8D22E3CB1F00DA4F80 /* Model */ = {
			isa = PBXGroup;
			children = (
				CCE4ABDD22E4D52A00DA4F80 /* ImageInfo.swift */,
				CCE4AB8F22E3CB3700DA4F80 /* ImageUrls.swift */,
			);
			path = Model;
			sourceTree = "<group>";
		};
		CCE4AB8E22E3CB2400DA4F80 /* UseCase */ = {
			isa = PBXGroup;
			children = (
				CCE4ABE022E4D7B100DA4F80 /* GetImageInfo */,
				CCE4AB9222E3CB5700DA4F80 /* GetImageUrls */,
			);
			path = UseCase;
			sourceTree = "<group>";
		};
		CCE4AB9222E3CB5700DA4F80 /* GetImageUrls */ = {
			isa = PBXGroup;
			children = (
				CCE4AB9322E3CB6500DA4F80 /* GetImageUrls.swift */,
				CCE4AB9622E3CB7E00DA4F80 /* ImageUrlsFetcher.swift */,
				CCE4ABAB22E3CD6C00DA4F80 /* ImageUrlsFetcherError.swift */,
				CCE4AB9922E3CB9A00DA4F80 /* ImageUrlsReceiver.swift */,
			);
			path = GetImageUrls;
			sourceTree = "<group>";
		};
		CCE4AB9C22E3CC4300DA4F80 /* Core */ = {
			isa = PBXGroup;
			children = (
				CCE4ABC222E3F07600DA4F80 /* Gallery */,
				CCE4AB9D22E3CC5000DA4F80 /* Image */,
			);
			path = Core;
			sourceTree = "<group>";
		};
		CCE4AB9D22E3CC5000DA4F80 /* Image */ = {
			isa = PBXGroup;
			children = (
				CCE4ABA422E3CCDC00DA4F80 /* Fixture */,
				CCE4AB9E22E3CC5900DA4F80 /* UseCase */,
			);
			path = Image;
			sourceTree = "<group>";
		};
		CCE4AB9E22E3CC5900DA4F80 /* UseCase */ = {
			isa = PBXGroup;
			children = (
				CCE4ABD222E4D41E00DA4F80 /* GetImageInfo */,
				CCE4AB9F22E3CC6200DA4F80 /* GetImageUrls */,
			);
			path = UseCase;
			sourceTree = "<group>";
		};
		CCE4AB9F22E3CC6200DA4F80 /* GetImageUrls */ = {
			isa = PBXGroup;
			children = (
				CCE4ABA022E3CC8E00DA4F80 /* GetImageUrlsTests.swift */,
				CCE4ABA222E3CCA800DA4F80 /* ImageUrlsFetcherMock.swift */,
				CCE4ABA922E3CD4000DA4F80 /* ImageUrlsFetcherMockForFailure.swift */,
				CCE4ABA722E3CD2400DA4F80 /* ImageUrlsReceiverMock.swift */,
			);
			path = GetImageUrls;
			sourceTree = "<group>";
		};
		CCE4ABA422E3CCDC00DA4F80 /* Fixture */ = {
			isa = PBXGroup;
			children = (
				CCE4ABDB22E4D4E300DA4F80 /* ImageInfoFixture.swift */,
				CCE4ABA522E3CCE700DA4F80 /* ImageUrlsFixture.swift */,
			);
			path = Fixture;
			sourceTree = "<group>";
		};
		CCE4ABAE22E3E87900DA4F80 /* FetchPublicImages */ = {
			isa = PBXGroup;
			children = (
				CCE4ABAF22E3E8A700DA4F80 /* FetchPublicImagesTests.swift */,
				CCE4ABB122E3EDF300DA4F80 /* PublicImagesFetcherMock.swift */,
				CCE4ABCD22E3F1E500DA4F80 /* PublicImagesFetcherMockForFailure.swift */,
				CCE4ABC022E3F04400DA4F80 /* PublicImagesReceiverMock.swift */,
			);
			path = FetchPublicImages;
			sourceTree = "<group>";
		};
		CCE4ABB322E3EE5D00DA4F80 /* FetchPublicImages */ = {
			isa = PBXGroup;
			children = (
				CCE4ABC622E3F0DC00DA4F80 /* FetchPublicImages.swift */,
				CCE4ABB422E3EE7E00DA4F80 /* PublicImagesFetcher.swift */,
				CCE4ABCF22E3F24A00DA4F80 /* PublicImagesFetcherError.swift */,
				CCE4ABC322E3F0B000DA4F80 /* PublicImagesReceiver.swift */,
			);
			path = FetchPublicImages;
			sourceTree = "<group>";
		};
		CCE4ABB722E3EEF300DA4F80 /* Gallery */ = {
			isa = PBXGroup;
			children = (
				CCE4ABB822E3EEFB00DA4F80 /* Model */,
				CCE4ABB922E3EF0400DA4F80 /* UseCase */,
			);
			path = Gallery;
			sourceTree = "<group>";
		};
		CCE4ABB822E3EEFB00DA4F80 /* Model */ = {
			isa = PBXGroup;
			children = (
				CCE4ABBD22E3EF9E00DA4F80 /* ImageSummary.swift */,
				CCE4ABBA22E3EF4E00DA4F80 /* Query.swift */,
			);
			path = Model;
			sourceTree = "<group>";
		};
		CCE4ABB922E3EF0400DA4F80 /* UseCase */ = {
			isa = PBXGroup;
			children = (
				CCE4ABB322E3EE5D00DA4F80 /* FetchPublicImages */,
			);
			path = UseCase;
			sourceTree = "<group>";
		};
		CCE4ABC222E3F07600DA4F80 /* Gallery */ = {
			isa = PBXGroup;
			children = (
				CCE4ABC922E3F14F00DA4F80 /* Fixture */,
				CCE4ABCA22E3F15900DA4F80 /* UseCase */,
			);
			path = Gallery;
			sourceTree = "<group>";
		};
		CCE4ABC922E3F14F00DA4F80 /* Fixture */ = {
			isa = PBXGroup;
			children = (
				CCE4ABCB22E3F18500DA4F80 /* QueryFixture.swift */,
			);
			path = Fixture;
			sourceTree = "<group>";
		};
		CCE4ABCA22E3F15900DA4F80 /* UseCase */ = {
			isa = PBXGroup;
			children = (
				CCE4ABAE22E3E87900DA4F80 /* FetchPublicImages */,
			);
			path = UseCase;
			sourceTree = "<group>";
		};
		CCE4ABD222E4D41E00DA4F80 /* GetImageInfo */ = {
			isa = PBXGroup;
			children = (
				CCE4ABD322E4D45300DA4F80 /* GetImageInfoTests.swift */,
				CCE4ABD522E4D47F00DA4F80 /* ImageInfoFetcherMock.swift */,
				CCE4ABD722E4D48B00DA4F80 /* ImageInfoFetcherMockForFailure.swift */,
				CCE4ABD922E4D4AC00DA4F80 /* ImageInfoReceiverMock.swift */,
			);
			path = GetImageInfo;
			sourceTree = "<group>";
		};
		CCE4ABE022E4D7B100DA4F80 /* GetImageInfo */ = {
			isa = PBXGroup;
			children = (
				CCE4ABE122E4D7DA00DA4F80 /* GetImageInfo.swift */,
				CCE4ABE422E4D7EA00DA4F80 /* ImageInfoFetcher.swift */,
				CCE4ABE722E4D7F100DA4F80 /* ImageInfoFetcherError.swift */,
				CCE4ABEA22E4D81A00DA4F80 /* ImageInfoReceiver.swift */,
			);
			path = GetImageInfo;
			sourceTree = "<group>";
		};
		CCE4ABED22E4FEDC00DA4F80 /* App */ = {
			isa = PBXGroup;
			children = (
				CCE4ABF922E5009500DA4F80 /* Infrastructure */,
				CCE4ABEE22E4FEE200DA4F80 /* Plugin */,
				CCE4AC4E22E530E400DA4F80 /* Presentation */,
				CCE4AC9222E5601B00DA4F80 /* Shared */,
			);
			path = App;
			sourceTree = "<group>";
		};
		CCE4ABEE22E4FEE200DA4F80 /* Plugin */ = {
			isa = PBXGroup;
			children = (
				CCE4ABEF22E4FEE900DA4F80 /* Dependency */,
				CCE4AC2E22E52A9400DA4F80 /* Gallery */,
				CCE4AC2F22E52A9A00DA4F80 /* Image */,
			);
			path = Plugin;
			sourceTree = "<group>";
		};
		CCE4ABEF22E4FEE900DA4F80 /* Dependency */ = {
			isa = PBXGroup;
			children = (
				CCE4ABF622E4FF2300DA4F80 /* DependencyConfigurator.swift */,
				CCE4ABF322E4FF1800DA4F80 /* DependencyProvider.swift */,
				CCE4ABF022E4FF0900DA4F80 /* DependencyReceiver.swift */,
			);
			path = Dependency;
			sourceTree = "<group>";
		};
		CCE4ABF922E5009500DA4F80 /* Infrastructure */ = {
			isa = PBXGroup;
			children = (
				CCE4AC0E22E510F600DA4F80 /* Gallery */,
				CCE4AC0F22E510FC00DA4F80 /* Image */,
				CCE4ABFA22E500A600DA4F80 /* Shared */,
			);
			path = Infrastructure;
			sourceTree = "<group>";
		};
		CCE4ABFA22E500A600DA4F80 /* Shared */ = {
			isa = PBXGroup;
			children = (
				CCE4ABFC22E500AE00DA4F80 /* Flickr */,
				CCE4ABFB22E500AA00DA4F80 /* HTTP */,
			);
			path = Shared;
			sourceTree = "<group>";
		};
		CCE4ABFB22E500AA00DA4F80 /* HTTP */ = {
			isa = PBXGroup;
			children = (
				CCE4AC0922E5030C00DA4F80 /* DefaultHTTPClient.swift */,
				CCE4ABFD22E500CF00DA4F80 /* HTTPClient.swift */,
				CCE4AC0022E500F800DA4F80 /* HTTPClientError.swift */,
			);
			path = HTTP;
			sourceTree = "<group>";
		};
		CCE4ABFC22E500AE00DA4F80 /* Flickr */ = {
			isa = PBXGroup;
			children = (
				CCE4AC0B22E505E600DA4F80 /* FlickrInfoProvider.swift */,
			);
			path = Flickr;
			sourceTree = "<group>";
		};
		CCE4AC0322E5026C00DA4F80 /* Frameworks */ = {
			isa = PBXGroup;
			children = (
				CCE4AC0422E5026C00DA4F80 /* Alamofire.framework */,
				CCE4AC0522E5026C00DA4F80 /* Kingfisher.framework */,
			);
			name = Frameworks;
			sourceTree = "<group>";
		};
		CCE4AC0E22E510F600DA4F80 /* Gallery */ = {
			isa = PBXGroup;
			children = (
				CCE4AC1022E5113100DA4F80 /* FetchPublicImages */,
			);
			path = Gallery;
			sourceTree = "<group>";
		};
		CCE4AC0F22E510FC00DA4F80 /* Image */ = {
			isa = PBXGroup;
			children = (
				CCE4AC1122E5113C00DA4F80 /* GetImageInfo */,
				CCE4AC1222E5114300DA4F80 /* GetImageUrls */,
			);
			path = Image;
			sourceTree = "<group>";
		};
		CCE4AC1022E5113100DA4F80 /* FetchPublicImages */ = {
			isa = PBXGroup;
			children = (
				CCE4AC2522E5267400DA4F80 /* Parser */,
				CCE4AC2C22E5288F00DA4F80 /* DefaultPublicImagesFetcher.swift */,
			);
			path = FetchPublicImages;
			sourceTree = "<group>";
		};
		CCE4AC1122E5113C00DA4F80 /* GetImageInfo */ = {
			isa = PBXGroup;
			children = (
				CCE4AC1522E5147700DA4F80 /* Parser */,
				CCE4AC1322E5116000DA4F80 /* DefaultImageInfoFetcher.swift */,
			);
			path = GetImageInfo;
			sourceTree = "<group>";
		};
		CCE4AC1222E5114300DA4F80 /* GetImageUrls */ = {
			isa = PBXGroup;
			children = (
				CCE4AC1C22E5203100DA4F80 /* Parser */,
				CCE4AC2322E520D900DA4F80 /* DefaultImageUrlsFetcher.swift */,
			);
			path = GetImageUrls;
			sourceTree = "<group>";
		};
		CCE4AC1522E5147700DA4F80 /* Parser */ = {
			isa = PBXGroup;
			children = (
				CCE4AC1A22E5152B00DA4F80 /* DefaultImageInfoJSONParser.swift */,
				CCE4AC1622E5150000DA4F80 /* ImageInfoJSONParser.swift */,
				CCE4AC1822E5151600DA4F80 /* ImageInfoJSONParserError.swift */,
			);
			path = Parser;
			sourceTree = "<group>";
		};
		CCE4AC1C22E5203100DA4F80 /* Parser */ = {
			isa = PBXGroup;
			children = (
				CCE4AC2122E520B600DA4F80 /* DefaultImageUrlsJSONParser.swift */,
				CCE4AC1D22E5208000DA4F80 /* ImageUrlsJSONParser.swift */,
				CCE4AC1F22E5209D00DA4F80 /* ImageUrlsJSONParserError.swift */,
			);
			path = Parser;
			sourceTree = "<group>";
		};
		CCE4AC2522E5267400DA4F80 /* Parser */ = {
			isa = PBXGroup;
			children = (
				CCE4AC2A22E527A700DA4F80 /* DefaultImageSummaryJSONParser.swift */,
				CCE4AC2622E5272800DA4F80 /* ImageSummaryJSONParser.swift */,
				CCE4AC2822E5276D00DA4F80 /* ImageSummaryJSONParserError.swift */,
			);
			path = Parser;
			sourceTree = "<group>";
		};
		CCE4AC2E22E52A9400DA4F80 /* Gallery */ = {
			isa = PBXGroup;
			children = (
				CCE4AC3022E52AA600DA4F80 /* FetchPublicImages */,
			);
			path = Gallery;
			sourceTree = "<group>";
		};
		CCE4AC2F22E52A9A00DA4F80 /* Image */ = {
			isa = PBXGroup;
			children = (
				CCE4AC3222E52AB500DA4F80 /* GetImageInfo */,
				CCE4AC3122E52AAF00DA4F80 /* GetImageUrls */,
			);
			path = Image;
			sourceTree = "<group>";
		};
		CCE4AC3022E52AA600DA4F80 /* FetchPublicImages */ = {
			isa = PBXGroup;
			children = (
				CCE4AC4B22E52B8900DA4F80 /* DefaultFetchPublicImagesExecutor.swift */,
				CCE4AC4522E52B7300DA4F80 /* FetchPublicImagesExecutor.swift */,
				CCE4AC4822E52B7E00DA4F80 /* FetchPublicImagesExecutorError.swift */,
			);
			path = FetchPublicImages;
			sourceTree = "<group>";
		};
		CCE4AC3122E52AAF00DA4F80 /* GetImageUrls */ = {
			isa = PBXGroup;
			children = (
				CCE4AC4222E52B6000DA4F80 /* DefaultGetImageUrlsExecutor.swift */,
				CCE4AC3C22E52B4600DA4F80 /* GetImageUrlsExecutor.swift */,
				CCE4AC3F22E52B5200DA4F80 /* GetImageUrlsExecutorError.swift */,
			);
			path = GetImageUrls;
			sourceTree = "<group>";
		};
		CCE4AC3222E52AB500DA4F80 /* GetImageInfo */ = {
			isa = PBXGroup;
			children = (
				CCE4AC3922E52B3300DA4F80 /* DefaultGetImageInfoExecutor.swift */,
				CCE4AC3322E52B1600DA4F80 /* GetImageInfoExecutor.swift */,
				CCE4AC3622E52B2600DA4F80 /* GetImageInfoExecutorError.swift */,
			);
			path = GetImageInfo;
			sourceTree = "<group>";
		};
		CCE4AC4E22E530E400DA4F80 /* Presentation */ = {
			isa = PBXGroup;
			children = (
				CCE4AC4F22E5321A00DA4F80 /* Gallery */,
				CCE4AC6F22E556FC00DA4F80 /* Image */,
				CCE4AC9322E5604E00DA4F80 /* Shared */,
			);
			path = Presentation;
			sourceTree = "<group>";
		};
		CCE4AC4F22E5321A00DA4F80 /* Gallery */ = {
			isa = PBXGroup;
			children = (
				CCE4AC5322E536B700DA4F80 /* Controller */,
				CCE4AC5622E5382700DA4F80 /* Presenter */,
				CCE4AC5022E5324000DA4F80 /* View */,
			);
			path = Gallery;
			sourceTree = "<group>";
		};
		CCE4AC5022E5324000DA4F80 /* View */ = {
			isa = PBXGroup;
			children = (
				CCE4AC5122E5326300DA4F80 /* Gallery.storyboard */,
				CCE4AC9022E55E9200DA4F80 /* ImageCollectionLoadingFooterView.swift */,
			);
			path = View;
			sourceTree = "<group>";
		};
		CCE4AC5322E536B700DA4F80 /* Controller */ = {
			isa = PBXGroup;
			children = (
				CCE4AC5422E536E800DA4F80 /* GalleryViewController.swift */,
				CCE4AC6D22E555A500DA4F80 /* GalleryViewControllerDataSourceExtension.swift */,
				CCE4AC8C22E55E1900DA4F80 /* GalleryViewControllerFlowLayoutExtension.swift */,
				CCE4AC8E22E55E3E00DA4F80 /* GalleryViewControllerPresenterExtension.swift */,
			);
			path = Controller;
			sourceTree = "<group>";
		};
		CCE4AC5622E5382700DA4F80 /* Presenter */ = {
			isa = PBXGroup;
			children = (
				CCE4AC5722E5384000DA4F80 /* GalleryPresenter.swift */,
				CCE4AC5A22E5384900DA4F80 /* GalleryScreen.swift */,
			);
			path = Presenter;
			sourceTree = "<group>";
		};
		CCE4AC5D22E5385F00DA4F80 /* App */ = {
			isa = PBXGroup;
			children = (
				CCE4AC6622E539C200DA4F80 /* Plugin */,
				CCE4AC5E22E5386400DA4F80 /* Presentation */,
			);
			path = App;
			sourceTree = "<group>";
		};
		CCE4AC5E22E5386400DA4F80 /* Presentation */ = {
			isa = PBXGroup;
			children = (
				CCE4AC5F22E5386B00DA4F80 /* Gallery */,
				CCE4AC7722E5580F00DA4F80 /* Image */,
			);
			path = Presentation;
			sourceTree = "<group>";
		};
		CCE4AC5F22E5386B00DA4F80 /* Gallery */ = {
			isa = PBXGroup;
			children = (
				CCE4AC6022E5387000DA4F80 /* Presenter */,
			);
			path = Gallery;
			sourceTree = "<group>";
		};
		CCE4AC6022E5387000DA4F80 /* Presenter */ = {
			isa = PBXGroup;
			children = (
				CCE4AC6222E5389A00DA4F80 /* GalleryPresenterTests.swift */,
				CCE4AC6422E538BA00DA4F80 /* GalleryScreenMock.swift */,
			);
			path = Presenter;
			sourceTree = "<group>";
		};
		CCE4AC6622E539C200DA4F80 /* Plugin */ = {
			isa = PBXGroup;
			children = (
				CCE4AC6722E539CB00DA4F80 /* Gallery */,
				CCE4AC8022E558FB00DA4F80 /* Image */,
			);
			path = Plugin;
			sourceTree = "<group>";
		};
		CCE4AC6722E539CB00DA4F80 /* Gallery */ = {
			isa = PBXGroup;
			children = (
				CCE4AC6822E539D400DA4F80 /* FetchPublicImages */,
			);
			path = Gallery;
			sourceTree = "<group>";
		};
		CCE4AC6822E539D400DA4F80 /* FetchPublicImages */ = {
			isa = PBXGroup;
			children = (
				CCE4AC6922E539E400DA4F80 /* FetchPublicImagesExecutorMock.swift */,
				CCE4AC6B22E53A3300DA4F80 /* FetchPublicImagesExecutorMockForFailure.swift */,
			);
			path = FetchPublicImages;
			sourceTree = "<group>";
		};
		CCE4AC6F22E556FC00DA4F80 /* Image */ = {
			isa = PBXGroup;
			children = (
				CCE4AC9422E6092C00DA4F80 /* Cell */,
				CCE4AC9522E6093900DA4F80 /* Details */,
			);
			path = Image;
			sourceTree = "<group>";
		};
		CCE4AC7022E5571200DA4F80 /* View */ = {
			isa = PBXGroup;
			children = (
				CCE4AC7422E5574700DA4F80 /* ImageCollectionViewCell.xib */,
			);
			path = View;
			sourceTree = "<group>";
		};
		CCE4AC7122E5571800DA4F80 /* Presenter */ = {
			isa = PBXGroup;
			children = (
				CCE4AC7D22E5587E00DA4F80 /* ImageCell.swift */,
				CCE4AC8622E55A9C00DA4F80 /* ImageCellPresenter.swift */,
			);
			path = Presenter;
			sourceTree = "<group>";
		};
		CCE4AC7222E5571D00DA4F80 /* Controller */ = {
			isa = PBXGroup;
			children = (
				CCE4AC7322E5574700DA4F80 /* ImageCollectionViewCell.swift */,
				CCE4AC8922E55D9B00DA4F80 /* ImageCollectionViewCellPresenterExtension.swift */,
			);
			path = Controller;
			sourceTree = "<group>";
		};
		CCE4AC7722E5580F00DA4F80 /* Image */ = {
			isa = PBXGroup;
			children = (
				CCE4ACA022E61D4600DA4F80 /* Cell */,
				CCE4ACA122E61D5300DA4F80 /* Details */,
			);
			path = Image;
			sourceTree = "<group>";
		};
		CCE4AC7822E5582100DA4F80 /* Presenter */ = {
			isa = PBXGroup;
			children = (
				CCE4AC7922E5584100DA4F80 /* ImageCellMock.swift */,
				CCE4AC7B22E5585100DA4F80 /* ImageCellPresenterTests.swift */,
			);
			path = Presenter;
			sourceTree = "<group>";
		};
		CCE4AC8022E558FB00DA4F80 /* Image */ = {
			isa = PBXGroup;
			children = (
				CCE4ACAA22E61FF100DA4F80 /* GetImageInfo */,
				CCE4AC8122E5591600DA4F80 /* GetImageUrls */,
			);
			path = Image;
			sourceTree = "<group>";
		};
		CCE4AC8122E5591600DA4F80 /* GetImageUrls */ = {
			isa = PBXGroup;
			children = (
				CCE4AC8222E5593600DA4F80 /* GetImageUrlsExecutorMock.swift */,
				CCE4AC8422E55A2000DA4F80 /* GetImageUrlsExecutorMockForFailure.swift */,
			);
			path = GetImageUrls;
			sourceTree = "<group>";
		};
		CCE4AC9222E5601B00DA4F80 /* Shared */ = {
			isa = PBXGroup;
			children = (
				CCE4AB5722E3C6E600DA4F80 /* AppDelegate.swift */,
			);
			path = Shared;
			sourceTree = "<group>";
		};
		CCE4AC9322E5604E00DA4F80 /* Shared */ = {
			isa = PBXGroup;
			children = (
				CCE4ACB122E629DD00DA4F80 /* Alert */,
				CCE4AB5E22E3C6E800DA4F80 /* Assets.xcassets */,
				CCE4AB6022E3C6E800DA4F80 /* LaunchScreen.storyboard */,
			);
			path = Shared;
			sourceTree = "<group>";
		};
		CCE4AC9422E6092C00DA4F80 /* Cell */ = {
			isa = PBXGroup;
			children = (
				CCE4AC7222E5571D00DA4F80 /* Controller */,
				CCE4AC7122E5571800DA4F80 /* Presenter */,
				CCE4AC7022E5571200DA4F80 /* View */,
			);
			path = Cell;
			sourceTree = "<group>";
		};
		CCE4AC9522E6093900DA4F80 /* Details */ = {
			isa = PBXGroup;
			children = (
				CCE4AC9622E6096000DA4F80 /* Controller */,
				CCE4AC9722E6096700DA4F80 /* Presenter */,
				CCE4AC9822E6096B00DA4F80 /* View */,
			);
			path = Details;
			sourceTree = "<group>";
		};
		CCE4AC9622E6096000DA4F80 /* Controller */ = {
			isa = PBXGroup;
			children = (
				CCE4AC9B22E6117500DA4F80 /* ImageDetailsViewController.swift */,
				CCE4ACAF22E626CE00DA4F80 /* ImageDetailsViewControllerPresenterExtension.swift */,
			);
			path = Controller;
			sourceTree = "<group>";
		};
		CCE4AC9722E6096700DA4F80 /* Presenter */ = {
			isa = PBXGroup;
			children = (
				CCE4AC9D22E61D1B00DA4F80 /* ImageDetailsPresenter.swift */,
				CCE4ACA522E61EC100DA4F80 /* ImageDetailsScreen.swift */,
			);
			path = Presenter;
			sourceTree = "<group>";
		};
		CCE4AC9822E6096B00DA4F80 /* View */ = {
			isa = PBXGroup;
			children = (
				CCE4AC9922E6116000DA4F80 /* ImageDetails.storyboard */,
			);
			path = View;
			sourceTree = "<group>";
		};
		CCE4ACA022E61D4600DA4F80 /* Cell */ = {
			isa = PBXGroup;
			children = (
				CCE4AC7822E5582100DA4F80 /* Presenter */,
			);
			path = Cell;
			sourceTree = "<group>";
		};
		CCE4ACA122E61D5300DA4F80 /* Details */ = {
			isa = PBXGroup;
			children = (
				CCE4ACA222E61D6100DA4F80 /* Presenter */,
			);
			path = Details;
			sourceTree = "<group>";
		};
		CCE4ACA222E61D6100DA4F80 /* Presenter */ = {
			isa = PBXGroup;
			children = (
				CCE4ACA322E61D8800DA4F80 /* ImageDetailsScreenMock.swift */,
				CCE4ACA822E61EF300DA4F80 /* ImageDetailsPresenterTests.swift */,
			);
			path = Presenter;
			sourceTree = "<group>";
		};
		CCE4ACAA22E61FF100DA4F80 /* GetImageInfo */ = {
			isa = PBXGroup;
			children = (
				CCE4ACAB22E6204200DA4F80 /* GetImageInfoExecutorMock.swift */,
				CCE4ACAD22E6209200DA4F80 /* GetImageInfoExecutorMockForFailure.swift */,
			);
			path = GetImageInfo;
			sourceTree = "<group>";
		};
		CCE4ACB122E629DD00DA4F80 /* Alert */ = {
			isa = PBXGroup;
			children = (
				CCE4ACB222E629F300DA4F80 /* Alerts.swift */,
			);
			path = Alert;
			sourceTree = "<group>";
		};
/* End PBXGroup section */

/* Begin PBXNativeTarget section */
		CCE4AB5322E3C6E600DA4F80 /* Flickr-UserGallery */ = {
			isa = PBXNativeTarget;
			buildConfigurationList = CCE4AB7C22E3C6E800DA4F80 /* Build configuration list for PBXNativeTarget "Flickr-UserGallery" */;
			buildPhases = (
				CCE4AB5022E3C6E600DA4F80 /* Sources */,
				CCE4AB5122E3C6E600DA4F80 /* Frameworks */,
				CCE4AB5222E3C6E600DA4F80 /* Resources */,
				CCE4AC0822E5028A00DA4F80 /* ShellScript */,
			);
			buildRules = (
			);
			dependencies = (
			);
			name = "Flickr-UserGallery";
			productName = "Flickr-UserGallery";
			productReference = CCE4AB5422E3C6E600DA4F80 /* Flickr-UserGallery.app */;
			productType = "com.apple.product-type.application";
		};
		CCE4AB6722E3C6E800DA4F80 /* Flickr-UserGalleryTests */ = {
			isa = PBXNativeTarget;
			buildConfigurationList = CCE4AB7F22E3C6E800DA4F80 /* Build configuration list for PBXNativeTarget "Flickr-UserGalleryTests" */;
			buildPhases = (
				CCE4AB6422E3C6E800DA4F80 /* Sources */,
				CCE4AB6522E3C6E800DA4F80 /* Frameworks */,
				CCE4AB6622E3C6E800DA4F80 /* Resources */,
			);
			buildRules = (
			);
			dependencies = (
				CCE4AB6A22E3C6E800DA4F80 /* PBXTargetDependency */,
			);
			name = "Flickr-UserGalleryTests";
			productName = "Flickr-UserGalleryTests";
			productReference = CCE4AB6822E3C6E800DA4F80 /* Flickr-UserGalleryTests.xctest */;
			productType = "com.apple.product-type.bundle.unit-test";
		};
		CCE4AB7222E3C6E800DA4F80 /* Flickr-UserGalleryUITests */ = {
			isa = PBXNativeTarget;
			buildConfigurationList = CCE4AB8222E3C6E800DA4F80 /* Build configuration list for PBXNativeTarget "Flickr-UserGalleryUITests" */;
			buildPhases = (
				CCE4AB6F22E3C6E800DA4F80 /* Sources */,
				CCE4AB7022E3C6E800DA4F80 /* Frameworks */,
				CCE4AB7122E3C6E800DA4F80 /* Resources */,
			);
			buildRules = (
			);
			dependencies = (
				CCE4AB7522E3C6E800DA4F80 /* PBXTargetDependency */,
			);
			name = "Flickr-UserGalleryUITests";
			productName = "Flickr-UserGalleryUITests";
			productReference = CCE4AB7322E3C6E800DA4F80 /* Flickr-UserGalleryUITests.xctest */;
			productType = "com.apple.product-type.bundle.ui-testing";
		};
/* End PBXNativeTarget section */

/* Begin PBXProject section */
		CCE4AB4C22E3C6E600DA4F80 /* Project object */ = {
			isa = PBXProject;
			attributes = {
				LastSwiftUpdateCheck = 1020;
				LastUpgradeCheck = 1020;
				ORGANIZATIONNAME = "Marcelo Vitoria";
				TargetAttributes = {
					CCE4AB5322E3C6E600DA4F80 = {
						CreatedOnToolsVersion = 10.2.1;
					};
					CCE4AB6722E3C6E800DA4F80 = {
						CreatedOnToolsVersion = 10.2.1;
						TestTargetID = CCE4AB5322E3C6E600DA4F80;
					};
					CCE4AB7222E3C6E800DA4F80 = {
						CreatedOnToolsVersion = 10.2.1;
						TestTargetID = CCE4AB5322E3C6E600DA4F80;
					};
				};
			};
			buildConfigurationList = CCE4AB4F22E3C6E600DA4F80 /* Build configuration list for PBXProject "Flickr-UserGallery" */;
			compatibilityVersion = "Xcode 9.3";
			developmentRegion = en;
			hasScannedForEncodings = 0;
			knownRegions = (
				en,
				Base,
			);
			mainGroup = CCE4AB4B22E3C6E600DA4F80;
			productRefGroup = CCE4AB5522E3C6E600DA4F80 /* Products */;
			projectDirPath = "";
			projectRoot = "";
			targets = (
				CCE4AB5322E3C6E600DA4F80 /* Flickr-UserGallery */,
				CCE4AB6722E3C6E800DA4F80 /* Flickr-UserGalleryTests */,
				CCE4AB7222E3C6E800DA4F80 /* Flickr-UserGalleryUITests */,
			);
		};
/* End PBXProject section */

/* Begin PBXResourcesBuildPhase section */
		CCE4AB5222E3C6E600DA4F80 /* Resources */ = {
			isa = PBXResourcesBuildPhase;
			buildActionMask = 2147483647;
			files = (
				CCE4AB6222E3C6E800DA4F80 /* LaunchScreen.storyboard in Resources */,
				CCE4AC5222E5326300DA4F80 /* Gallery.storyboard in Resources */,
				CCE4AB5F22E3C6E800DA4F80 /* Assets.xcassets in Resources */,
				CCE4AC7622E5574700DA4F80 /* ImageCollectionViewCell.xib in Resources */,
				CCE4AC9A22E6116000DA4F80 /* ImageDetails.storyboard in Resources */,
			);
			runOnlyForDeploymentPostprocessing = 0;
		};
		CCE4AB6622E3C6E800DA4F80 /* Resources */ = {
			isa = PBXResourcesBuildPhase;
			buildActionMask = 2147483647;
			files = (
			);
			runOnlyForDeploymentPostprocessing = 0;
		};
		CCE4AB7122E3C6E800DA4F80 /* Resources */ = {
			isa = PBXResourcesBuildPhase;
			buildActionMask = 2147483647;
			files = (
			);
			runOnlyForDeploymentPostprocessing = 0;
		};
/* End PBXResourcesBuildPhase section */

/* Begin PBXShellScriptBuildPhase section */
		CCE4AC0822E5028A00DA4F80 /* ShellScript */ = {
			isa = PBXShellScriptBuildPhase;
			buildActionMask = 2147483647;
			files = (
			);
			inputFileListPaths = (
			);
			inputPaths = (
				"$(SRCROOT)/Carthage/Build/iOS/Alamofire.framework",
				"$(SRCROOT)/Carthage/Build/iOS/Kingfisher.framework",
			);
			outputFileListPaths = (
			);
			outputPaths = (
				"$(BUILT_PRODUCTS_DIR)/$(FRAMEWORKS_FOLDER_PATH)/Alamofire.framework",
				"$(BUILT_PRODUCTS_DIR)/$(FRAMEWORKS_FOLDER_PATH)/Kingfisher.framework",
			);
			runOnlyForDeploymentPostprocessing = 0;
			shellPath = /bin/sh;
			shellScript = "carthage copy-frameworks\n";
		};
/* End PBXShellScriptBuildPhase section */

/* Begin PBXSourcesBuildPhase section */
		CCE4AB5022E3C6E600DA4F80 /* Sources */ = {
			isa = PBXSourcesBuildPhase;
			buildActionMask = 2147483647;
			files = (
				CCE4AC5822E5384000DA4F80 /* GalleryPresenter.swift in Sources */,
				CCE4ABF422E4FF1800DA4F80 /* DependencyProvider.swift in Sources */,
				CCE4AC7522E5574700DA4F80 /* ImageCollectionViewCell.swift in Sources */,
				CCE4ABC722E3F0DC00DA4F80 /* FetchPublicImages.swift in Sources */,
				CCE4AC0A22E5030C00DA4F80 /* DefaultHTTPClient.swift in Sources */,
				CCE4ABBB22E3EF4E00DA4F80 /* Query.swift in Sources */,
				CCE4AC4022E52B5200DA4F80 /* GetImageUrlsExecutorError.swift in Sources */,
				CCE4AC2422E520D900DA4F80 /* DefaultImageUrlsFetcher.swift in Sources */,
				CCE4ABEB22E4D81A00DA4F80 /* ImageInfoReceiver.swift in Sources */,
				CCE4AC2722E5272800DA4F80 /* ImageSummaryJSONParser.swift in Sources */,
				CCE4AC1B22E5152B00DA4F80 /* DefaultImageInfoJSONParser.swift in Sources */,
				CCE4AC1722E5150000DA4F80 /* ImageInfoJSONParser.swift in Sources */,
				CCE4AC2D22E5288F00DA4F80 /* DefaultPublicImagesFetcher.swift in Sources */,
				CCE4AB5822E3C6E600DA4F80 /* AppDelegate.swift in Sources */,
				CCE4ABC422E3F0B000DA4F80 /* PublicImagesReceiver.swift in Sources */,
				CCE4ABF722E4FF2300DA4F80 /* DependencyConfigurator.swift in Sources */,
				CCE4AC5B22E5384900DA4F80 /* GalleryScreen.swift in Sources */,
				CCE4AC9122E55E9200DA4F80 /* ImageCollectionLoadingFooterView.swift in Sources */,
				CCE4AB9022E3CB3700DA4F80 /* ImageUrls.swift in Sources */,
				CCE4AC0122E500F800DA4F80 /* HTTPClientError.swift in Sources */,
				CCE4ABDE22E4D52A00DA4F80 /* ImageInfo.swift in Sources */,
				CCE4AC1E22E5208000DA4F80 /* ImageUrlsJSONParser.swift in Sources */,
				CCE4AC9E22E61D1B00DA4F80 /* ImageDetailsPresenter.swift in Sources */,
				CCE4AB8A22E3CA8D00DA4F80 /* ParameterizedUseCase.swift in Sources */,
				CCE4AC3D22E52B4600DA4F80 /* GetImageUrlsExecutor.swift in Sources */,
				CCE4AC5522E536E800DA4F80 /* GalleryViewController.swift in Sources */,
				CCE4ABE822E4D7F100DA4F80 /* ImageInfoFetcherError.swift in Sources */,
				CCE4ABE522E4D7EA00DA4F80 /* ImageInfoFetcher.swift in Sources */,
				CCE4AC6E22E555A500DA4F80 /* GalleryViewControllerDataSourceExtension.swift in Sources */,
				CCE4AC4922E52B7E00DA4F80 /* FetchPublicImagesExecutorError.swift in Sources */,
				CCE4AC8F22E55E3E00DA4F80 /* GalleryViewControllerPresenterExtension.swift in Sources */,
				CCE4AC1922E5151600DA4F80 /* ImageInfoJSONParserError.swift in Sources */,
				CCE4AC2022E5209D00DA4F80 /* ImageUrlsJSONParserError.swift in Sources */,
				CCE4AC3A22E52B3300DA4F80 /* DefaultGetImageInfoExecutor.swift in Sources */,
				CCE4AC2922E5276D00DA4F80 /* ImageSummaryJSONParserError.swift in Sources */,
				CCE4AC4C22E52B8900DA4F80 /* DefaultFetchPublicImagesExecutor.swift in Sources */,
				CCE4ACA622E61EC100DA4F80 /* ImageDetailsScreen.swift in Sources */,
				CCE4AC2B22E527A700DA4F80 /* DefaultImageSummaryJSONParser.swift in Sources */,
				CCE4AC7E22E5587E00DA4F80 /* ImageCell.swift in Sources */,
				CCE4AB9722E3CB7E00DA4F80 /* ImageUrlsFetcher.swift in Sources */,
				CCE4AC8A22E55D9B00DA4F80 /* ImageCollectionViewCellPresenterExtension.swift in Sources */,
				CCE4AC3722E52B2600DA4F80 /* GetImageInfoExecutorError.swift in Sources */,
				CCE4ACB322E629F300DA4F80 /* Alerts.swift in Sources */,
				CCE4ABAC22E3CD6C00DA4F80 /* ImageUrlsFetcherError.swift in Sources */,
				CCE4ABB522E3EE7E00DA4F80 /* PublicImagesFetcher.swift in Sources */,
				CCE4ABBE22E3EF9E00DA4F80 /* ImageSummary.swift in Sources */,
				CCE4ABE222E4D7DA00DA4F80 /* GetImageInfo.swift in Sources */,
				CCE4AC8D22E55E1900DA4F80 /* GalleryViewControllerFlowLayoutExtension.swift in Sources */,
				CCE4AB9A22E3CB9A00DA4F80 /* ImageUrlsReceiver.swift in Sources */,
				CCE4AC4322E52B6000DA4F80 /* DefaultGetImageUrlsExecutor.swift in Sources */,
				CCE4AB9422E3CB6500DA4F80 /* GetImageUrls.swift in Sources */,
				CCE4ACB022E626CE00DA4F80 /* ImageDetailsViewControllerPresenterExtension.swift in Sources */,
				CCE4ABFE22E500CF00DA4F80 /* HTTPClient.swift in Sources */,
				CCE4AC1422E5116000DA4F80 /* DefaultImageInfoFetcher.swift in Sources */,
				CCE4AC9C22E6117500DA4F80 /* ImageDetailsViewController.swift in Sources */,
				CCE4AC0C22E505E600DA4F80 /* FlickrInfoProvider.swift in Sources */,
				CCE4AC3422E52B1600DA4F80 /* GetImageInfoExecutor.swift in Sources */,
				CCE4ABD022E3F24A00DA4F80 /* PublicImagesFetcherError.swift in Sources */,
				CCE4AC4622E52B7300DA4F80 /* FetchPublicImagesExecutor.swift in Sources */,
				CCE4AC2222E520B600DA4F80 /* DefaultImageUrlsJSONParser.swift in Sources */,
				CCE4AC8722E55A9C00DA4F80 /* ImageCellPresenter.swift in Sources */,
				CCE4ABF122E4FF0900DA4F80 /* DependencyReceiver.swift in Sources */,
			);
			runOnlyForDeploymentPostprocessing = 0;
		};
		CCE4AB6422E3C6E800DA4F80 /* Sources */ = {
			isa = PBXSourcesBuildPhase;
			buildActionMask = 2147483647;
			files = (
				CCE4AC5922E5384000DA4F80 /* GalleryPresenter.swift in Sources */,
				CCE4ABF522E4FF1800DA4F80 /* DependencyProvider.swift in Sources */,
				CCE4ABD622E4D47F00DA4F80 /* ImageInfoFetcherMock.swift in Sources */,
				CCE4AC6322E5389A00DA4F80 /* GalleryPresenterTests.swift in Sources */,
				CCE4AB9822E3CB7E00DA4F80 /* ImageUrlsFetcher.swift in Sources */,
				CCE4AC3E22E52B4600DA4F80 /* GetImageUrlsExecutor.swift in Sources */,
				CCE4AC4122E52B5200DA4F80 /* GetImageUrlsExecutorError.swift in Sources */,
				CCE4AC3B22E52B3300DA4F80 /* DefaultGetImageInfoExecutor.swift in Sources */,
				CCE4AC8522E55A2000DA4F80 /* GetImageUrlsExecutorMockForFailure.swift in Sources */,
				CCE4AC4A22E52B7E00DA4F80 /* FetchPublicImagesExecutorError.swift in Sources */,
				CCE4ACA422E61D8800DA4F80 /* ImageDetailsScreenMock.swift in Sources */,
				CCE4ACA922E61EF300DA4F80 /* ImageDetailsPresenterTests.swift in Sources */,
				CCE4AC8822E55A9C00DA4F80 /* ImageCellPresenter.swift in Sources */,
				CCE4AC6C22E53A3300DA4F80 /* FetchPublicImagesExecutorMockForFailure.swift in Sources */,
				CCE4AC3522E52B1600DA4F80 /* GetImageInfoExecutor.swift in Sources */,
				CCE4ABA822E3CD2400DA4F80 /* ImageUrlsReceiverMock.swift in Sources */,
				CCE4AC7A22E5584100DA4F80 /* ImageCellMock.swift in Sources */,
				CCE4ABAA22E3CD4000DA4F80 /* ImageUrlsFetcherMockForFailure.swift in Sources */,
				CCE4ABBF22E3EF9E00DA4F80 /* ImageSummary.swift in Sources */,
				CCE4ABA622E3CCE700DA4F80 /* ImageUrlsFixture.swift in Sources */,
				CCE4ABE322E4D7DA00DA4F80 /* GetImageInfo.swift in Sources */,
				CCE4ACA722E61EC100DA4F80 /* ImageDetailsScreen.swift in Sources */,
				CCE4AC4722E52B7300DA4F80 /* FetchPublicImagesExecutor.swift in Sources */,
				CCE4ABB022E3E8A700DA4F80 /* FetchPublicImagesTests.swift in Sources */,
				CCE4AC5C22E5384900DA4F80 /* GalleryScreen.swift in Sources */,
				CCE4AB6D22E3C6E800DA4F80 /* Flickr_UserGalleryTests.swift in Sources */,
				CCE4ABB622E3EE7E00DA4F80 /* PublicImagesFetcher.swift in Sources */,
				CCE4AC7C22E5585100DA4F80 /* ImageCellPresenterTests.swift in Sources */,
				CCE4AC4422E52B6000DA4F80 /* DefaultGetImageUrlsExecutor.swift in Sources */,
				CCE4ABAD22E3CD6C00DA4F80 /* ImageUrlsFetcherError.swift in Sources */,
				CCE4ABC522E3F0B000DA4F80 /* PublicImagesReceiver.swift in Sources */,
				CCE4AC3822E52B2600DA4F80 /* GetImageInfoExecutorError.swift in Sources */,
				CCE4ABC122E3F04400DA4F80 /* PublicImagesReceiverMock.swift in Sources */,
				CCE4ACAC22E6204200DA4F80 /* GetImageInfoExecutorMock.swift in Sources */,
				CCE4ABDF22E4D52A00DA4F80 /* ImageInfo.swift in Sources */,
				CCE4ABCE22E3F1E500DA4F80 /* PublicImagesFetcherMockForFailure.swift in Sources */,
				CCE4ABD422E4D45300DA4F80 /* GetImageInfoTests.swift in Sources */,
				CCE4AC6522E538BA00DA4F80 /* GalleryScreenMock.swift in Sources */,
				CCE4AC0222E500F800DA4F80 /* HTTPClientError.swift in Sources */,
				CCE4AC8322E5593600DA4F80 /* GetImageUrlsExecutorMock.swift in Sources */,
				CCE4ABE922E4D7F100DA4F80 /* ImageInfoFetcherError.swift in Sources */,
				CCE4AB9522E3CB6500DA4F80 /* GetImageUrls.swift in Sources */,
				CCE4ABDA22E4D4AC00DA4F80 /* ImageInfoReceiverMock.swift in Sources */,
				CCE4ABD122E3F24A00DA4F80 /* PublicImagesFetcherError.swift in Sources */,
				CCE4ABB222E3EDF300DA4F80 /* PublicImagesFetcherMock.swift in Sources */,
				CCE4AC0D22E505E600DA4F80 /* FlickrInfoProvider.swift in Sources */,
				CCE4ABC822E3F0DC00DA4F80 /* FetchPublicImages.swift in Sources */,
				CCE4AC6A22E539E400DA4F80 /* FetchPublicImagesExecutorMock.swift in Sources */,
				CCE4ACAE22E6209200DA4F80 /* GetImageInfoExecutorMockForFailure.swift in Sources */,
				CCE4AC7F22E5587E00DA4F80 /* ImageCell.swift in Sources */,
				CCE4ABE622E4D7EA00DA4F80 /* ImageInfoFetcher.swift in Sources */,
				CCE4ABCC22E3F18500DA4F80 /* QueryFixture.swift in Sources */,
				CCE4AB9122E3CB3700DA4F80 /* ImageUrls.swift in Sources */,
				CCE4AC4D22E52B8900DA4F80 /* DefaultFetchPublicImagesExecutor.swift in Sources */,
				CCE4ABA322E3CCA800DA4F80 /* ImageUrlsFetcherMock.swift in Sources */,
				CCE4ABBC22E3EF4E00DA4F80 /* Query.swift in Sources */,
				CCE4ABD822E4D48B00DA4F80 /* ImageInfoFetcherMockForFailure.swift in Sources */,
				CCE4ABFF22E500CF00DA4F80 /* HTTPClient.swift in Sources */,
				CCE4AB8B22E3CA8D00DA4F80 /* ParameterizedUseCase.swift in Sources */,
				CCE4ABEC22E4D81A00DA4F80 /* ImageInfoReceiver.swift in Sources */,
				CCE4AC9F22E61D1B00DA4F80 /* ImageDetailsPresenter.swift in Sources */,
				CCE4ABA122E3CC8E00DA4F80 /* GetImageUrlsTests.swift in Sources */,
				CCE4ABF222E4FF0900DA4F80 /* DependencyReceiver.swift in Sources */,
				CCE4AB9B22E3CB9A00DA4F80 /* ImageUrlsReceiver.swift in Sources */,
				CCE4ABDC22E4D4E300DA4F80 /* ImageInfoFixture.swift in Sources */,
			);
			runOnlyForDeploymentPostprocessing = 0;
		};
		CCE4AB6F22E3C6E800DA4F80 /* Sources */ = {
			isa = PBXSourcesBuildPhase;
			buildActionMask = 2147483647;
			files = (
				CCE4AB7822E3C6E800DA4F80 /* Flickr_UserGalleryUITests.swift in Sources */,
			);
			runOnlyForDeploymentPostprocessing = 0;
		};
/* End PBXSourcesBuildPhase section */

/* Begin PBXTargetDependency section */
		CCE4AB6A22E3C6E800DA4F80 /* PBXTargetDependency */ = {
			isa = PBXTargetDependency;
			target = CCE4AB5322E3C6E600DA4F80 /* Flickr-UserGallery */;
			targetProxy = CCE4AB6922E3C6E800DA4F80 /* PBXContainerItemProxy */;
		};
		CCE4AB7522E3C6E800DA4F80 /* PBXTargetDependency */ = {
			isa = PBXTargetDependency;
			target = CCE4AB5322E3C6E600DA4F80 /* Flickr-UserGallery */;
			targetProxy = CCE4AB7422E3C6E800DA4F80 /* PBXContainerItemProxy */;
		};
/* End PBXTargetDependency section */

/* Begin PBXVariantGroup section */
		CCE4AB6022E3C6E800DA4F80 /* LaunchScreen.storyboard */ = {
			isa = PBXVariantGroup;
			children = (
				CCE4AB6122E3C6E800DA4F80 /* Base */,
			);
			name = LaunchScreen.storyboard;
			sourceTree = "<group>";
		};
/* End PBXVariantGroup section */

/* Begin XCBuildConfiguration section */
		CCE4AB7A22E3C6E800DA4F80 /* Debug */ = {
			isa = XCBuildConfiguration;
			buildSettings = {
				ALWAYS_SEARCH_USER_PATHS = NO;
				CLANG_ANALYZER_NONNULL = YES;
				CLANG_ANALYZER_NUMBER_OBJECT_CONVERSION = YES_AGGRESSIVE;
				CLANG_CXX_LANGUAGE_STANDARD = "gnu++14";
				CLANG_CXX_LIBRARY = "libc++";
				CLANG_ENABLE_MODULES = YES;
				CLANG_ENABLE_OBJC_ARC = YES;
				CLANG_ENABLE_OBJC_WEAK = YES;
				CLANG_WARN_BLOCK_CAPTURE_AUTORELEASING = YES;
				CLANG_WARN_BOOL_CONVERSION = YES;
				CLANG_WARN_COMMA = YES;
				CLANG_WARN_CONSTANT_CONVERSION = YES;
				CLANG_WARN_DEPRECATED_OBJC_IMPLEMENTATIONS = YES;
				CLANG_WARN_DIRECT_OBJC_ISA_USAGE = YES_ERROR;
				CLANG_WARN_DOCUMENTATION_COMMENTS = YES;
				CLANG_WARN_EMPTY_BODY = YES;
				CLANG_WARN_ENUM_CONVERSION = YES;
				CLANG_WARN_INFINITE_RECURSION = YES;
				CLANG_WARN_INT_CONVERSION = YES;
				CLANG_WARN_NON_LITERAL_NULL_CONVERSION = YES;
				CLANG_WARN_OBJC_IMPLICIT_RETAIN_SELF = YES;
				CLANG_WARN_OBJC_LITERAL_CONVERSION = YES;
				CLANG_WARN_OBJC_ROOT_CLASS = YES_ERROR;
				CLANG_WARN_RANGE_LOOP_ANALYSIS = YES;
				CLANG_WARN_STRICT_PROTOTYPES = YES;
				CLANG_WARN_SUSPICIOUS_MOVE = YES;
				CLANG_WARN_UNGUARDED_AVAILABILITY = YES_AGGRESSIVE;
				CLANG_WARN_UNREACHABLE_CODE = YES;
				CLANG_WARN__DUPLICATE_METHOD_MATCH = YES;
				CODE_SIGN_IDENTITY = "iPhone Developer";
				COPY_PHASE_STRIP = NO;
				DEBUG_INFORMATION_FORMAT = dwarf;
				ENABLE_STRICT_OBJC_MSGSEND = YES;
				ENABLE_TESTABILITY = YES;
				GCC_C_LANGUAGE_STANDARD = gnu11;
				GCC_DYNAMIC_NO_PIC = NO;
				GCC_NO_COMMON_BLOCKS = YES;
				GCC_OPTIMIZATION_LEVEL = 0;
				GCC_PREPROCESSOR_DEFINITIONS = (
					"DEBUG=1",
					"$(inherited)",
				);
				GCC_WARN_64_TO_32_BIT_CONVERSION = YES;
				GCC_WARN_ABOUT_RETURN_TYPE = YES_ERROR;
				GCC_WARN_UNDECLARED_SELECTOR = YES;
				GCC_WARN_UNINITIALIZED_AUTOS = YES_AGGRESSIVE;
				GCC_WARN_UNUSED_FUNCTION = YES;
				GCC_WARN_UNUSED_VARIABLE = YES;
				IPHONEOS_DEPLOYMENT_TARGET = 12.2;
				MTL_ENABLE_DEBUG_INFO = INCLUDE_SOURCE;
				MTL_FAST_MATH = YES;
				ONLY_ACTIVE_ARCH = YES;
				SDKROOT = iphoneos;
				SWIFT_ACTIVE_COMPILATION_CONDITIONS = DEBUG;
				SWIFT_OPTIMIZATION_LEVEL = "-Onone";
			};
			name = Debug;
		};
		CCE4AB7B22E3C6E800DA4F80 /* Release */ = {
			isa = XCBuildConfiguration;
			buildSettings = {
				ALWAYS_SEARCH_USER_PATHS = NO;
				CLANG_ANALYZER_NONNULL = YES;
				CLANG_ANALYZER_NUMBER_OBJECT_CONVERSION = YES_AGGRESSIVE;
				CLANG_CXX_LANGUAGE_STANDARD = "gnu++14";
				CLANG_CXX_LIBRARY = "libc++";
				CLANG_ENABLE_MODULES = YES;
				CLANG_ENABLE_OBJC_ARC = YES;
				CLANG_ENABLE_OBJC_WEAK = YES;
				CLANG_WARN_BLOCK_CAPTURE_AUTORELEASING = YES;
				CLANG_WARN_BOOL_CONVERSION = YES;
				CLANG_WARN_COMMA = YES;
				CLANG_WARN_CONSTANT_CONVERSION = YES;
				CLANG_WARN_DEPRECATED_OBJC_IMPLEMENTATIONS = YES;
				CLANG_WARN_DIRECT_OBJC_ISA_USAGE = YES_ERROR;
				CLANG_WARN_DOCUMENTATION_COMMENTS = YES;
				CLANG_WARN_EMPTY_BODY = YES;
				CLANG_WARN_ENUM_CONVERSION = YES;
				CLANG_WARN_INFINITE_RECURSION = YES;
				CLANG_WARN_INT_CONVERSION = YES;
				CLANG_WARN_NON_LITERAL_NULL_CONVERSION = YES;
				CLANG_WARN_OBJC_IMPLICIT_RETAIN_SELF = YES;
				CLANG_WARN_OBJC_LITERAL_CONVERSION = YES;
				CLANG_WARN_OBJC_ROOT_CLASS = YES_ERROR;
				CLANG_WARN_RANGE_LOOP_ANALYSIS = YES;
				CLANG_WARN_STRICT_PROTOTYPES = YES;
				CLANG_WARN_SUSPICIOUS_MOVE = YES;
				CLANG_WARN_UNGUARDED_AVAILABILITY = YES_AGGRESSIVE;
				CLANG_WARN_UNREACHABLE_CODE = YES;
				CLANG_WARN__DUPLICATE_METHOD_MATCH = YES;
				CODE_SIGN_IDENTITY = "iPhone Developer";
				COPY_PHASE_STRIP = NO;
				DEBUG_INFORMATION_FORMAT = "dwarf-with-dsym";
				ENABLE_NS_ASSERTIONS = NO;
				ENABLE_STRICT_OBJC_MSGSEND = YES;
				GCC_C_LANGUAGE_STANDARD = gnu11;
				GCC_NO_COMMON_BLOCKS = YES;
				GCC_WARN_64_TO_32_BIT_CONVERSION = YES;
				GCC_WARN_ABOUT_RETURN_TYPE = YES_ERROR;
				GCC_WARN_UNDECLARED_SELECTOR = YES;
				GCC_WARN_UNINITIALIZED_AUTOS = YES_AGGRESSIVE;
				GCC_WARN_UNUSED_FUNCTION = YES;
				GCC_WARN_UNUSED_VARIABLE = YES;
				IPHONEOS_DEPLOYMENT_TARGET = 12.2;
				MTL_ENABLE_DEBUG_INFO = NO;
				MTL_FAST_MATH = YES;
				SDKROOT = iphoneos;
				SWIFT_COMPILATION_MODE = wholemodule;
				SWIFT_OPTIMIZATION_LEVEL = "-O";
				VALIDATE_PRODUCT = YES;
			};
			name = Release;
		};
		CCE4AB7D22E3C6E800DA4F80 /* Debug */ = {
			isa = XCBuildConfiguration;
			buildSettings = {
				ASSETCATALOG_COMPILER_APPICON_NAME = AppIcon;
				CODE_SIGN_STYLE = Automatic;
				DEVELOPMENT_TEAM = HF4NVVGD52;
				FRAMEWORK_SEARCH_PATHS = (
					"$(inherited)",
					"$(PROJECT_DIR)/Carthage/Build/iOS",
				);
				INFOPLIST_FILE = "$(SRCROOT)/Sources/Info.plist";
				LD_RUNPATH_SEARCH_PATHS = (
					"$(inherited)",
					"@executable_path/Frameworks",
				);
				PRODUCT_BUNDLE_IDENTIFIER = "com.marcvit.Flickr-UserGallery";
				PRODUCT_NAME = "$(TARGET_NAME)";
				SWIFT_VERSION = 5.0;
				TARGETED_DEVICE_FAMILY = "1,2";
			};
			name = Debug;
		};
		CCE4AB7E22E3C6E800DA4F80 /* Release */ = {
			isa = XCBuildConfiguration;
			buildSettings = {
				ASSETCATALOG_COMPILER_APPICON_NAME = AppIcon;
				CODE_SIGN_STYLE = Automatic;
				DEVELOPMENT_TEAM = HF4NVVGD52;
				FRAMEWORK_SEARCH_PATHS = (
					"$(inherited)",
					"$(PROJECT_DIR)/Carthage/Build/iOS",
				);
				INFOPLIST_FILE = "$(SRCROOT)/Sources/Info.plist";
				LD_RUNPATH_SEARCH_PATHS = (
					"$(inherited)",
					"@executable_path/Frameworks",
				);
				PRODUCT_BUNDLE_IDENTIFIER = "com.marcvit.Flickr-UserGallery";
				PRODUCT_NAME = "$(TARGET_NAME)";
				SWIFT_VERSION = 5.0;
				TARGETED_DEVICE_FAMILY = "1,2";
			};
			name = Release;
		};
		CCE4AB8022E3C6E800DA4F80 /* Debug */ = {
			isa = XCBuildConfiguration;
			buildSettings = {
				ALWAYS_EMBED_SWIFT_STANDARD_LIBRARIES = YES;
				BUNDLE_LOADER = "$(TEST_HOST)";
				CODE_SIGN_STYLE = Automatic;
				DEVELOPMENT_TEAM = HF4NVVGD52;
				INFOPLIST_FILE = Tests/Info.plist;
				LD_RUNPATH_SEARCH_PATHS = (
					"$(inherited)",
					"@executable_path/Frameworks",
					"@loader_path/Frameworks",
				);
				PRODUCT_BUNDLE_IDENTIFIER = "com.marcvit.Flickr-UserGalleryTests";
				PRODUCT_NAME = "$(TARGET_NAME)";
				SWIFT_VERSION = 5.0;
				TARGETED_DEVICE_FAMILY = "1,2";
				TEST_HOST = "$(BUILT_PRODUCTS_DIR)/Flickr-UserGallery.app/Flickr-UserGallery";
			};
			name = Debug;
		};
		CCE4AB8122E3C6E800DA4F80 /* Release */ = {
			isa = XCBuildConfiguration;
			buildSettings = {
				ALWAYS_EMBED_SWIFT_STANDARD_LIBRARIES = YES;
				BUNDLE_LOADER = "$(TEST_HOST)";
				CODE_SIGN_STYLE = Automatic;
				DEVELOPMENT_TEAM = HF4NVVGD52;
				INFOPLIST_FILE = Tests/Info.plist;
				LD_RUNPATH_SEARCH_PATHS = (
					"$(inherited)",
					"@executable_path/Frameworks",
					"@loader_path/Frameworks",
				);
				PRODUCT_BUNDLE_IDENTIFIER = "com.marcvit.Flickr-UserGalleryTests";
				PRODUCT_NAME = "$(TARGET_NAME)";
				SWIFT_VERSION = 5.0;
				TARGETED_DEVICE_FAMILY = "1,2";
				TEST_HOST = "$(BUILT_PRODUCTS_DIR)/Flickr-UserGallery.app/Flickr-UserGallery";
			};
			name = Release;
		};
		CCE4AB8322E3C6E800DA4F80 /* Debug */ = {
			isa = XCBuildConfiguration;
			buildSettings = {
				ALWAYS_EMBED_SWIFT_STANDARD_LIBRARIES = YES;
				CODE_SIGN_STYLE = Automatic;
				DEVELOPMENT_TEAM = HF4NVVGD52;
				INFOPLIST_FILE = UITests/Info.plist;
				LD_RUNPATH_SEARCH_PATHS = (
					"$(inherited)",
					"@executable_path/Frameworks",
					"@loader_path/Frameworks",
				);
				PRODUCT_BUNDLE_IDENTIFIER = "com.marcvit.Flickr-UserGalleryUITests";
				PRODUCT_NAME = "$(TARGET_NAME)";
				SWIFT_VERSION = 5.0;
				TARGETED_DEVICE_FAMILY = "1,2";
				TEST_TARGET_NAME = "Flickr-UserGallery";
			};
			name = Debug;
		};
		CCE4AB8422E3C6E800DA4F80 /* Release */ = {
			isa = XCBuildConfiguration;
			buildSettings = {
				ALWAYS_EMBED_SWIFT_STANDARD_LIBRARIES = YES;
				CODE_SIGN_STYLE = Automatic;
				DEVELOPMENT_TEAM = HF4NVVGD52;
				INFOPLIST_FILE = UITests/Info.plist;
				LD_RUNPATH_SEARCH_PATHS = (
					"$(inherited)",
					"@executable_path/Frameworks",
					"@loader_path/Frameworks",
				);
				PRODUCT_BUNDLE_IDENTIFIER = "com.marcvit.Flickr-UserGalleryUITests";
				PRODUCT_NAME = "$(TARGET_NAME)";
				SWIFT_VERSION = 5.0;
				TARGETED_DEVICE_FAMILY = "1,2";
				TEST_TARGET_NAME = "Flickr-UserGallery";
			};
			name = Release;
		};
/* End XCBuildConfiguration section */

/* Begin XCConfigurationList section */
		CCE4AB4F22E3C6E600DA4F80 /* Build configuration list for PBXProject "Flickr-UserGallery" */ = {
			isa = XCConfigurationList;
			buildConfigurations = (
				CCE4AB7A22E3C6E800DA4F80 /* Debug */,
				CCE4AB7B22E3C6E800DA4F80 /* Release */,
			);
			defaultConfigurationIsVisible = 0;
			defaultConfigurationName = Release;
		};
		CCE4AB7C22E3C6E800DA4F80 /* Build configuration list for PBXNativeTarget "Flickr-UserGallery" */ = {
			isa = XCConfigurationList;
			buildConfigurations = (
				CCE4AB7D22E3C6E800DA4F80 /* Debug */,
				CCE4AB7E22E3C6E800DA4F80 /* Release */,
			);
			defaultConfigurationIsVisible = 0;
			defaultConfigurationName = Release;
		};
		CCE4AB7F22E3C6E800DA4F80 /* Build configuration list for PBXNativeTarget "Flickr-UserGalleryTests" */ = {
			isa = XCConfigurationList;
			buildConfigurations = (
				CCE4AB8022E3C6E800DA4F80 /* Debug */,
				CCE4AB8122E3C6E800DA4F80 /* Release */,
			);
			defaultConfigurationIsVisible = 0;
			defaultConfigurationName = Release;
		};
		CCE4AB8222E3C6E800DA4F80 /* Build configuration list for PBXNativeTarget "Flickr-UserGalleryUITests" */ = {
			isa = XCConfigurationList;
			buildConfigurations = (
				CCE4AB8322E3C6E800DA4F80 /* Debug */,
				CCE4AB8422E3C6E800DA4F80 /* Release */,
			);
			defaultConfigurationIsVisible = 0;
			defaultConfigurationName = Release;
		};
/* End XCConfigurationList section */
	};
	rootObject = CCE4AB4C22E3C6E600DA4F80 /* Project object */;
}
