// !$*UTF8*$!
{
	archiveVersion = 1;
	classes = {
	};
	objectVersion = 50;
	objects = {

/* Begin PBXBuildFile section */
		CCE4AB5822E3C6E600DA4F80 /* AppDelegate.swift in Sources */ = {isa = PBXBuildFile; fileRef = CCE4AB5722E3C6E600DA4F80 /* AppDelegate.swift */; };
		CCE4AB5A22E3C6E600DA4F80 /* ViewController.swift in Sources */ = {isa = PBXBuildFile; fileRef = CCE4AB5922E3C6E600DA4F80 /* ViewController.swift */; };
		CCE4AB5D22E3C6E600DA4F80 /* Main.storyboard in Resources */ = {isa = PBXBuildFile; fileRef = CCE4AB5B22E3C6E600DA4F80 /* Main.storyboard */; };
		CCE4AB5F22E3C6E800DA4F80 /* Assets.xcassets in Resources */ = {isa = PBXBuildFile; fileRef = CCE4AB5E22E3C6E800DA4F80 /* Assets.xcassets */; };
		CCE4AB6222E3C6E800DA4F80 /* LaunchScreen.storyboard in Resources */ = {isa = PBXBuildFile; fileRef = CCE4AB6022E3C6E800DA4F80 /* LaunchScreen.storyboard */; };
		CCE4AB6D22E3C6E800DA4F80 /* Flickr_UserGalleryTests.swift in Sources */ = {isa = PBXBuildFile; fileRef = CCE4AB6C22E3C6E800DA4F80 /* Flickr_UserGalleryTests.swift */; };
		CCE4AB7822E3C6E800DA4F80 /* Flickr_UserGalleryUITests.swift in Sources */ = {isa = PBXBuildFile; fileRef = CCE4AB7722E3C6E800DA4F80 /* Flickr_UserGalleryUITests.swift */; };
/* End PBXBuildFile section */

/* Begin PBXContainerItemProxy section */
		CCE4AB6922E3C6E800DA4F80 /* PBXContainerItemProxy */ = {
			isa = PBXContainerItemProxy;
			containerPortal = CCE4AB4C22E3C6E600DA4F80 /* Project object */;
			proxyType = 1;
			remoteGlobalIDString = CCE4AB5322E3C6E600DA4F80;
			remoteInfo = "Flickr-UserGallery";
		};
		CCE4AB7422E3C6E800DA4F80 /* PBXContainerItemProxy */ = {
			isa = PBXContainerItemProxy;
			containerPortal = CCE4AB4C22E3C6E600DA4F80 /* Project object */;
			proxyType = 1;
			remoteGlobalIDString = CCE4AB5322E3C6E600DA4F80;
			remoteInfo = "Flickr-UserGallery";
		};
/* End PBXContainerItemProxy section */

/* Begin PBXFileReference section */
		CCE4AB5422E3C6E600DA4F80 /* Flickr-UserGallery.app */ = {isa = PBXFileReference; explicitFileType = wrapper.application; includeInIndex = 0; path = "Flickr-UserGallery.app"; sourceTree = BUILT_PRODUCTS_DIR; };
		CCE4AB5722E3C6E600DA4F80 /* AppDelegate.swift */ = {isa = PBXFileReference; lastKnownFileType = sourcecode.swift; path = AppDelegate.swift; sourceTree = "<group>"; };
		CCE4AB5922E3C6E600DA4F80 /* ViewController.swift */ = {isa = PBXFileReference; lastKnownFileType = sourcecode.swift; path = ViewController.swift; sourceTree = "<group>"; };
		CCE4AB5C22E3C6E600DA4F80 /* Base */ = {isa = PBXFileReference; lastKnownFileType = file.storyboard; name = Base; path = Base.lproj/Main.storyboard; sourceTree = "<group>"; };
		CCE4AB5E22E3C6E800DA4F80 /* Assets.xcassets */ = {isa = PBXFileReference; lastKnownFileType = folder.assetcatalog; path = Assets.xcassets; sourceTree = "<group>"; };
		CCE4AB6122E3C6E800DA4F80 /* Base */ = {isa = PBXFileReference; lastKnownFileType = file.storyboard; name = Base; path = Base.lproj/LaunchScreen.storyboard; sourceTree = "<group>"; };
		CCE4AB6322E3C6E800DA4F80 /* Info.plist */ = {isa = PBXFileReference; lastKnownFileType = text.plist.xml; path = Info.plist; sourceTree = "<group>"; };
		CCE4AB6822E3C6E800DA4F80 /* Flickr-UserGalleryTests.xctest */ = {isa = PBXFileReference; explicitFileType = wrapper.cfbundle; includeInIndex = 0; path = "Flickr-UserGalleryTests.xctest"; sourceTree = BUILT_PRODUCTS_DIR; };
		CCE4AB6C22E3C6E800DA4F80 /* Flickr_UserGalleryTests.swift */ = {isa = PBXFileReference; lastKnownFileType = sourcecode.swift; path = Flickr_UserGalleryTests.swift; sourceTree = "<group>"; };
		CCE4AB6E22E3C6E800DA4F80 /* Info.plist */ = {isa = PBXFileReference; lastKnownFileType = text.plist.xml; path = Info.plist; sourceTree = "<group>"; };
		CCE4AB7322E3C6E800DA4F80 /* Flickr-UserGalleryUITests.xctest */ = {isa = PBXFileReference; explicitFileType = wrapper.cfbundle; includeInIndex = 0; path = "Flickr-UserGalleryUITests.xctest"; sourceTree = BUILT_PRODUCTS_DIR; };
		CCE4AB7722E3C6E800DA4F80 /* Flickr_UserGalleryUITests.swift */ = {isa = PBXFileReference; lastKnownFileType = sourcecode.swift; path = Flickr_UserGalleryUITests.swift; sourceTree = "<group>"; };
		CCE4AB7922E3C6E800DA4F80 /* Info.plist */ = {isa = PBXFileReference; lastKnownFileType = text.plist.xml; path = Info.plist; sourceTree = "<group>"; };
/* End PBXFileReference section */

/* Begin PBXFrameworksBuildPhase section */
		CCE4AB5122E3C6E600DA4F80 /* Frameworks */ = {
			isa = PBXFrameworksBuildPhase;
			buildActionMask = 2147483647;
			files = (
			);
			runOnlyForDeploymentPostprocessing = 0;
		};
		CCE4AB6522E3C6E800DA4F80 /* Frameworks */ = {
			isa = PBXFrameworksBuildPhase;
			buildActionMask = 2147483647;
			files = (
			);
			runOnlyForDeploymentPostprocessing = 0;
		};
		CCE4AB7022E3C6E800DA4F80 /* Frameworks */ = {
			isa = PBXFrameworksBuildPhase;
			buildActionMask = 2147483647;
			files = (
			);
			runOnlyForDeploymentPostprocessing = 0;
		};
/* End PBXFrameworksBuildPhase section */

/* Begin PBXGroup section */
		CCE4AB4B22E3C6E600DA4F80 = {
			isa = PBXGroup;
			children = (
				CCE4AB5622E3C6E600DA4F80 /* Sources */,
				CCE4AB6B22E3C6E800DA4F80 /* Tests */,
				CCE4AB7622E3C6E800DA4F80 /* UITests */,
				CCE4AB5522E3C6E600DA4F80 /* Products */,
			);
			sourceTree = "<group>";
		};
		CCE4AB5522E3C6E600DA4F80 /* Products */ = {
			isa = PBXGroup;
			children = (
				CCE4AB5422E3C6E600DA4F80 /* Flickr-UserGallery.app */,
				CCE4AB6822E3C6E800DA4F80 /* Flickr-UserGalleryTests.xctest */,
				CCE4AB7322E3C6E800DA4F80 /* Flickr-UserGalleryUITests.xctest */,
			);
			name = Products;
			sourceTree = "<group>";
		};
		CCE4AB5622E3C6E600DA4F80 /* Sources */ = {
			isa = PBXGroup;
			children = (
				CCE4AB5722E3C6E600DA4F80 /* AppDelegate.swift */,
				CCE4AB5922E3C6E600DA4F80 /* ViewController.swift */,
				CCE4AB5B22E3C6E600DA4F80 /* Main.storyboard */,
				CCE4AB5E22E3C6E800DA4F80 /* Assets.xcassets */,
				CCE4AB6022E3C6E800DA4F80 /* LaunchScreen.storyboard */,
				CCE4AB6322E3C6E800DA4F80 /* Info.plist */,
			);
			path = Sources;
			sourceTree = "<group>";
		};
		CCE4AB6B22E3C6E800DA4F80 /* Tests */ = {
			isa = PBXGroup;
			children = (
				CCE4AB6C22E3C6E800DA4F80 /* Flickr_UserGalleryTests.swift */,
				CCE4AB6E22E3C6E800DA4F80 /* Info.plist */,
			);
			path = Tests;
			sourceTree = "<group>";
		};
		CCE4AB7622E3C6E800DA4F80 /* UITests */ = {
			isa = PBXGroup;
			children = (
				CCE4AB7722E3C6E800DA4F80 /* Flickr_UserGalleryUITests.swift */,
				CCE4AB7922E3C6E800DA4F80 /* Info.plist */,
			);
			path = UITests;
			sourceTree = "<group>";
		};
/* End PBXGroup section */

/* Begin PBXNativeTarget section */
		CCE4AB5322E3C6E600DA4F80 /* Flickr-UserGallery */ = {
			isa = PBXNativeTarget;
			buildConfigurationList = CCE4AB7C22E3C6E800DA4F80 /* Build configuration list for PBXNativeTarget "Flickr-UserGallery" */;
			buildPhases = (
				CCE4AB5022E3C6E600DA4F80 /* Sources */,
				CCE4AB5122E3C6E600DA4F80 /* Frameworks */,
				CCE4AB5222E3C6E600DA4F80 /* Resources */,
			);
			buildRules = (
			);
			dependencies = (
			);
			name = "Flickr-UserGallery";
			productName = "Flickr-UserGallery";
			productReference = CCE4AB5422E3C6E600DA4F80 /* Flickr-UserGallery.app */;
			productType = "com.apple.product-type.application";
		};
		CCE4AB6722E3C6E800DA4F80 /* Flickr-UserGalleryTests */ = {
			isa = PBXNativeTarget;
			buildConfigurationList = CCE4AB7F22E3C6E800DA4F80 /* Build configuration list for PBXNativeTarget "Flickr-UserGalleryTests" */;
			buildPhases = (
				CCE4AB6422E3C6E800DA4F80 /* Sources */,
				CCE4AB6522E3C6E800DA4F80 /* Frameworks */,
				CCE4AB6622E3C6E800DA4F80 /* Resources */,
			);
			buildRules = (
			);
			dependencies = (
				CCE4AB6A22E3C6E800DA4F80 /* PBXTargetDependency */,
			);
			name = "Flickr-UserGalleryTests";
			productName = "Flickr-UserGalleryTests";
			productReference = CCE4AB6822E3C6E800DA4F80 /* Flickr-UserGalleryTests.xctest */;
			productType = "com.apple.product-type.bundle.unit-test";
		};
		CCE4AB7222E3C6E800DA4F80 /* Flickr-UserGalleryUITests */ = {
			isa = PBXNativeTarget;
			buildConfigurationList = CCE4AB8222E3C6E800DA4F80 /* Build configuration list for PBXNativeTarget "Flickr-UserGalleryUITests" */;
			buildPhases = (
				CCE4AB6F22E3C6E800DA4F80 /* Sources */,
				CCE4AB7022E3C6E800DA4F80 /* Frameworks */,
				CCE4AB7122E3C6E800DA4F80 /* Resources */,
			);
			buildRules = (
			);
			dependencies = (
				CCE4AB7522E3C6E800DA4F80 /* PBXTargetDependency */,
			);
			name = "Flickr-UserGalleryUITests";
			productName = "Flickr-UserGalleryUITests";
			productReference = CCE4AB7322E3C6E800DA4F80 /* Flickr-UserGalleryUITests.xctest */;
			productType = "com.apple.product-type.bundle.ui-testing";
		};
/* End PBXNativeTarget section */

/* Begin PBXProject section */
		CCE4AB4C22E3C6E600DA4F80 /* Project object */ = {
			isa = PBXProject;
			attributes = {
				LastSwiftUpdateCheck = 1020;
				LastUpgradeCheck = 1020;
				ORGANIZATIONNAME = "Marcelo Vitoria";
				TargetAttributes = {
					CCE4AB5322E3C6E600DA4F80 = {
						CreatedOnToolsVersion = 10.2.1;
					};
					CCE4AB6722E3C6E800DA4F80 = {
						CreatedOnToolsVersion = 10.2.1;
						TestTargetID = CCE4AB5322E3C6E600DA4F80;
					};
					CCE4AB7222E3C6E800DA4F80 = {
						CreatedOnToolsVersion = 10.2.1;
						TestTargetID = CCE4AB5322E3C6E600DA4F80;
					};
				};
			};
			buildConfigurationList = CCE4AB4F22E3C6E600DA4F80 /* Build configuration list for PBXProject "Flickr-UserGallery" */;
			compatibilityVersion = "Xcode 9.3";
			developmentRegion = en;
			hasScannedForEncodings = 0;
			knownRegions = (
				en,
				Base,
			);
			mainGroup = CCE4AB4B22E3C6E600DA4F80;
			productRefGroup = CCE4AB5522E3C6E600DA4F80 /* Products */;
			projectDirPath = "";
			projectRoot = "";
			targets = (
				CCE4AB5322E3C6E600DA4F80 /* Flickr-UserGallery */,
				CCE4AB6722E3C6E800DA4F80 /* Flickr-UserGalleryTests */,
				CCE4AB7222E3C6E800DA4F80 /* Flickr-UserGalleryUITests */,
			);
		};
/* End PBXProject section */

/* Begin PBXResourcesBuildPhase section */
		CCE4AB5222E3C6E600DA4F80 /* Resources */ = {
			isa = PBXResourcesBuildPhase;
			buildActionMask = 2147483647;
			files = (
				CCE4AB6222E3C6E800DA4F80 /* LaunchScreen.storyboard in Resources */,
				CCE4AB5F22E3C6E800DA4F80 /* Assets.xcassets in Resources */,
				CCE4AB5D22E3C6E600DA4F80 /* Main.storyboard in Resources */,
			);
			runOnlyForDeploymentPostprocessing = 0;
		};
		CCE4AB6622E3C6E800DA4F80 /* Resources */ = {
			isa = PBXResourcesBuildPhase;
			buildActionMask = 2147483647;
			files = (
			);
			runOnlyForDeploymentPostprocessing = 0;
		};
		CCE4AB7122E3C6E800DA4F80 /* Resources */ = {
			isa = PBXResourcesBuildPhase;
			buildActionMask = 2147483647;
			files = (
			);
			runOnlyForDeploymentPostprocessing = 0;
		};
/* End PBXResourcesBuildPhase section */

/* Begin PBXSourcesBuildPhase section */
		CCE4AB5022E3C6E600DA4F80 /* Sources */ = {
			isa = PBXSourcesBuildPhase;
			buildActionMask = 2147483647;
			files = (
				CCE4AB5A22E3C6E600DA4F80 /* ViewController.swift in Sources */,
				CCE4AB5822E3C6E600DA4F80 /* AppDelegate.swift in Sources */,
			);
			runOnlyForDeploymentPostprocessing = 0;
		};
		CCE4AB6422E3C6E800DA4F80 /* Sources */ = {
			isa = PBXSourcesBuildPhase;
			buildActionMask = 2147483647;
			files = (
				CCE4AB6D22E3C6E800DA4F80 /* Flickr_UserGalleryTests.swift in Sources */,
			);
			runOnlyForDeploymentPostprocessing = 0;
		};
		CCE4AB6F22E3C6E800DA4F80 /* Sources */ = {
			isa = PBXSourcesBuildPhase;
			buildActionMask = 2147483647;
			files = (
				CCE4AB7822E3C6E800DA4F80 /* Flickr_UserGalleryUITests.swift in Sources */,
			);
			runOnlyForDeploymentPostprocessing = 0;
		};
/* End PBXSourcesBuildPhase section */

/* Begin PBXTargetDependency section */
		CCE4AB6A22E3C6E800DA4F80 /* PBXTargetDependency */ = {
			isa = PBXTargetDependency;
			target = CCE4AB5322E3C6E600DA4F80 /* Flickr-UserGallery */;
			targetProxy = CCE4AB6922E3C6E800DA4F80 /* PBXContainerItemProxy */;
		};
		CCE4AB7522E3C6E800DA4F80 /* PBXTargetDependency */ = {
			isa = PBXTargetDependency;
			target = CCE4AB5322E3C6E600DA4F80 /* Flickr-UserGallery */;
			targetProxy = CCE4AB7422E3C6E800DA4F80 /* PBXContainerItemProxy */;
		};
/* End PBXTargetDependency section */

/* Begin PBXVariantGroup section */
		CCE4AB5B22E3C6E600DA4F80 /* Main.storyboard */ = {
			isa = PBXVariantGroup;
			children = (
				CCE4AB5C22E3C6E600DA4F80 /* Base */,
			);
			name = Main.storyboard;
			sourceTree = "<group>";
		};
		CCE4AB6022E3C6E800DA4F80 /* LaunchScreen.storyboard */ = {
			isa = PBXVariantGroup;
			children = (
				CCE4AB6122E3C6E800DA4F80 /* Base */,
			);
			name = LaunchScreen.storyboard;
			sourceTree = "<group>";
		};
/* End PBXVariantGroup section */

/* Begin XCBuildConfiguration section */
		CCE4AB7A22E3C6E800DA4F80 /* Debug */ = {
			isa = XCBuildConfiguration;
			buildSettings = {
				ALWAYS_SEARCH_USER_PATHS = NO;
				CLANG_ANALYZER_NONNULL = YES;
				CLANG_ANALYZER_NUMBER_OBJECT_CONVERSION = YES_AGGRESSIVE;
				CLANG_CXX_LANGUAGE_STANDARD = "gnu++14";
				CLANG_CXX_LIBRARY = "libc++";
				CLANG_ENABLE_MODULES = YES;
				CLANG_ENABLE_OBJC_ARC = YES;
				CLANG_ENABLE_OBJC_WEAK = YES;
				CLANG_WARN_BLOCK_CAPTURE_AUTORELEASING = YES;
				CLANG_WARN_BOOL_CONVERSION = YES;
				CLANG_WARN_COMMA = YES;
				CLANG_WARN_CONSTANT_CONVERSION = YES;
				CLANG_WARN_DEPRECATED_OBJC_IMPLEMENTATIONS = YES;
				CLANG_WARN_DIRECT_OBJC_ISA_USAGE = YES_ERROR;
				CLANG_WARN_DOCUMENTATION_COMMENTS = YES;
				CLANG_WARN_EMPTY_BODY = YES;
				CLANG_WARN_ENUM_CONVERSION = YES;
				CLANG_WARN_INFINITE_RECURSION = YES;
				CLANG_WARN_INT_CONVERSION = YES;
				CLANG_WARN_NON_LITERAL_NULL_CONVERSION = YES;
				CLANG_WARN_OBJC_IMPLICIT_RETAIN_SELF = YES;
				CLANG_WARN_OBJC_LITERAL_CONVERSION = YES;
				CLANG_WARN_OBJC_ROOT_CLASS = YES_ERROR;
				CLANG_WARN_RANGE_LOOP_ANALYSIS = YES;
				CLANG_WARN_STRICT_PROTOTYPES = YES;
				CLANG_WARN_SUSPICIOUS_MOVE = YES;
				CLANG_WARN_UNGUARDED_AVAILABILITY = YES_AGGRESSIVE;
				CLANG_WARN_UNREACHABLE_CODE = YES;
				CLANG_WARN__DUPLICATE_METHOD_MATCH = YES;
				CODE_SIGN_IDENTITY = "iPhone Developer";
				COPY_PHASE_STRIP = NO;
				DEBUG_INFORMATION_FORMAT = dwarf;
				ENABLE_STRICT_OBJC_MSGSEND = YES;
				ENABLE_TESTABILITY = YES;
				GCC_C_LANGUAGE_STANDARD = gnu11;
				GCC_DYNAMIC_NO_PIC = NO;
				GCC_NO_COMMON_BLOCKS = YES;
				GCC_OPTIMIZATION_LEVEL = 0;
				GCC_PREPROCESSOR_DEFINITIONS = (
					"DEBUG=1",
					"$(inherited)",
				);
				GCC_WARN_64_TO_32_BIT_CONVERSION = YES;
				GCC_WARN_ABOUT_RETURN_TYPE = YES_ERROR;
				GCC_WARN_UNDECLARED_SELECTOR = YES;
				GCC_WARN_UNINITIALIZED_AUTOS = YES_AGGRESSIVE;
				GCC_WARN_UNUSED_FUNCTION = YES;
				GCC_WARN_UNUSED_VARIABLE = YES;
				IPHONEOS_DEPLOYMENT_TARGET = 12.2;
				MTL_ENABLE_DEBUG_INFO = INCLUDE_SOURCE;
				MTL_FAST_MATH = YES;
				ONLY_ACTIVE_ARCH = YES;
				SDKROOT = iphoneos;
				SWIFT_ACTIVE_COMPILATION_CONDITIONS = DEBUG;
				SWIFT_OPTIMIZATION_LEVEL = "-Onone";
			};
			name = Debug;
		};
		CCE4AB7B22E3C6E800DA4F80 /* Release */ = {
			isa = XCBuildConfiguration;
			buildSettings = {
				ALWAYS_SEARCH_USER_PATHS = NO;
				CLANG_ANALYZER_NONNULL = YES;
				CLANG_ANALYZER_NUMBER_OBJECT_CONVERSION = YES_AGGRESSIVE;
				CLANG_CXX_LANGUAGE_STANDARD = "gnu++14";
				CLANG_CXX_LIBRARY = "libc++";
				CLANG_ENABLE_MODULES = YES;
				CLANG_ENABLE_OBJC_ARC = YES;
				CLANG_ENABLE_OBJC_WEAK = YES;
				CLANG_WARN_BLOCK_CAPTURE_AUTORELEASING = YES;
				CLANG_WARN_BOOL_CONVERSION = YES;
				CLANG_WARN_COMMA = YES;
				CLANG_WARN_CONSTANT_CONVERSION = YES;
				CLANG_WARN_DEPRECATED_OBJC_IMPLEMENTATIONS = YES;
				CLANG_WARN_DIRECT_OBJC_ISA_USAGE = YES_ERROR;
				CLANG_WARN_DOCUMENTATION_COMMENTS = YES;
				CLANG_WARN_EMPTY_BODY = YES;
				CLANG_WARN_ENUM_CONVERSION = YES;
				CLANG_WARN_INFINITE_RECURSION = YES;
				CLANG_WARN_INT_CONVERSION = YES;
				CLANG_WARN_NON_LITERAL_NULL_CONVERSION = YES;
				CLANG_WARN_OBJC_IMPLICIT_RETAIN_SELF = YES;
				CLANG_WARN_OBJC_LITERAL_CONVERSION = YES;
				CLANG_WARN_OBJC_ROOT_CLASS = YES_ERROR;
				CLANG_WARN_RANGE_LOOP_ANALYSIS = YES;
				CLANG_WARN_STRICT_PROTOTYPES = YES;
				CLANG_WARN_SUSPICIOUS_MOVE = YES;
				CLANG_WARN_UNGUARDED_AVAILABILITY = YES_AGGRESSIVE;
				CLANG_WARN_UNREACHABLE_CODE = YES;
				CLANG_WARN__DUPLICATE_METHOD_MATCH = YES;
				CODE_SIGN_IDENTITY = "iPhone Developer";
				COPY_PHASE_STRIP = NO;
				DEBUG_INFORMATION_FORMAT = "dwarf-with-dsym";
				ENABLE_NS_ASSERTIONS = NO;
				ENABLE_STRICT_OBJC_MSGSEND = YES;
				GCC_C_LANGUAGE_STANDARD = gnu11;
				GCC_NO_COMMON_BLOCKS = YES;
				GCC_WARN_64_TO_32_BIT_CONVERSION = YES;
				GCC_WARN_ABOUT_RETURN_TYPE = YES_ERROR;
				GCC_WARN_UNDECLARED_SELECTOR = YES;
				GCC_WARN_UNINITIALIZED_AUTOS = YES_AGGRESSIVE;
				GCC_WARN_UNUSED_FUNCTION = YES;
				GCC_WARN_UNUSED_VARIABLE = YES;
				IPHONEOS_DEPLOYMENT_TARGET = 12.2;
				MTL_ENABLE_DEBUG_INFO = NO;
				MTL_FAST_MATH = YES;
				SDKROOT = iphoneos;
				SWIFT_COMPILATION_MODE = wholemodule;
				SWIFT_OPTIMIZATION_LEVEL = "-O";
				VALIDATE_PRODUCT = YES;
			};
			name = Release;
		};
		CCE4AB7D22E3C6E800DA4F80 /* Debug */ = {
			isa = XCBuildConfiguration;
			buildSettings = {
				ASSETCATALOG_COMPILER_APPICON_NAME = AppIcon;
				CODE_SIGN_STYLE = Automatic;
				DEVELOPMENT_TEAM = HF4NVVGD52;
				INFOPLIST_FILE = "Flickr-UserGallery/Info.plist";
				LD_RUNPATH_SEARCH_PATHS = (
					"$(inherited)",
					"@executable_path/Frameworks",
				);
				PRODUCT_BUNDLE_IDENTIFIER = "com.marcvit.Flickr-UserGallery";
				PRODUCT_NAME = "$(TARGET_NAME)";
				SWIFT_VERSION = 5.0;
				TARGETED_DEVICE_FAMILY = "1,2";
			};
			name = Debug;
		};
		CCE4AB7E22E3C6E800DA4F80 /* Release */ = {
			isa = XCBuildConfiguration;
			buildSettings = {
				ASSETCATALOG_COMPILER_APPICON_NAME = AppIcon;
				CODE_SIGN_STYLE = Automatic;
				DEVELOPMENT_TEAM = HF4NVVGD52;
				INFOPLIST_FILE = "Flickr-UserGallery/Info.plist";
				LD_RUNPATH_SEARCH_PATHS = (
					"$(inherited)",
					"@executable_path/Frameworks",
				);
				PRODUCT_BUNDLE_IDENTIFIER = "com.marcvit.Flickr-UserGallery";
				PRODUCT_NAME = "$(TARGET_NAME)";
				SWIFT_VERSION = 5.0;
				TARGETED_DEVICE_FAMILY = "1,2";
			};
			name = Release;
		};
		CCE4AB8022E3C6E800DA4F80 /* Debug */ = {
			isa = XCBuildConfiguration;
			buildSettings = {
				ALWAYS_EMBED_SWIFT_STANDARD_LIBRARIES = YES;
				BUNDLE_LOADER = "$(TEST_HOST)";
				CODE_SIGN_STYLE = Automatic;
				DEVELOPMENT_TEAM = HF4NVVGD52;
				INFOPLIST_FILE = "Flickr-UserGalleryTests/Info.plist";
				LD_RUNPATH_SEARCH_PATHS = (
					"$(inherited)",
					"@executable_path/Frameworks",
					"@loader_path/Frameworks",
				);
				PRODUCT_BUNDLE_IDENTIFIER = "com.marcvit.Flickr-UserGalleryTests";
				PRODUCT_NAME = "$(TARGET_NAME)";
				SWIFT_VERSION = 5.0;
				TARGETED_DEVICE_FAMILY = "1,2";
				TEST_HOST = "$(BUILT_PRODUCTS_DIR)/Flickr-UserGallery.app/Flickr-UserGallery";
			};
			name = Debug;
		};
		CCE4AB8122E3C6E800DA4F80 /* Release */ = {
			isa = XCBuildConfiguration;
			buildSettings = {
				ALWAYS_EMBED_SWIFT_STANDARD_LIBRARIES = YES;
				BUNDLE_LOADER = "$(TEST_HOST)";
				CODE_SIGN_STYLE = Automatic;
				DEVELOPMENT_TEAM = HF4NVVGD52;
				INFOPLIST_FILE = "Flickr-UserGalleryTests/Info.plist";
				LD_RUNPATH_SEARCH_PATHS = (
					"$(inherited)",
					"@executable_path/Frameworks",
					"@loader_path/Frameworks",
				);
				PRODUCT_BUNDLE_IDENTIFIER = "com.marcvit.Flickr-UserGalleryTests";
				PRODUCT_NAME = "$(TARGET_NAME)";
				SWIFT_VERSION = 5.0;
				TARGETED_DEVICE_FAMILY = "1,2";
				TEST_HOST = "$(BUILT_PRODUCTS_DIR)/Flickr-UserGallery.app/Flickr-UserGallery";
			};
			name = Release;
		};
		CCE4AB8322E3C6E800DA4F80 /* Debug */ = {
			isa = XCBuildConfiguration;
			buildSettings = {
				ALWAYS_EMBED_SWIFT_STANDARD_LIBRARIES = YES;
				CODE_SIGN_STYLE = Automatic;
				DEVELOPMENT_TEAM = HF4NVVGD52;
				INFOPLIST_FILE = "Flickr-UserGalleryUITests/Info.plist";
				LD_RUNPATH_SEARCH_PATHS = (
					"$(inherited)",
					"@executable_path/Frameworks",
					"@loader_path/Frameworks",
				);
				PRODUCT_BUNDLE_IDENTIFIER = "com.marcvit.Flickr-UserGalleryUITests";
				PRODUCT_NAME = "$(TARGET_NAME)";
				SWIFT_VERSION = 5.0;
				TARGETED_DEVICE_FAMILY = "1,2";
				TEST_TARGET_NAME = "Flickr-UserGallery";
			};
			name = Debug;
		};
		CCE4AB8422E3C6E800DA4F80 /* Release */ = {
			isa = XCBuildConfiguration;
			buildSettings = {
				ALWAYS_EMBED_SWIFT_STANDARD_LIBRARIES = YES;
				CODE_SIGN_STYLE = Automatic;
				DEVELOPMENT_TEAM = HF4NVVGD52;
				INFOPLIST_FILE = "Flickr-UserGalleryUITests/Info.plist";
				LD_RUNPATH_SEARCH_PATHS = (
					"$(inherited)",
					"@executable_path/Frameworks",
					"@loader_path/Frameworks",
				);
				PRODUCT_BUNDLE_IDENTIFIER = "com.marcvit.Flickr-UserGalleryUITests";
				PRODUCT_NAME = "$(TARGET_NAME)";
				SWIFT_VERSION = 5.0;
				TARGETED_DEVICE_FAMILY = "1,2";
				TEST_TARGET_NAME = "Flickr-UserGallery";
			};
			name = Release;
		};
/* End XCBuildConfiguration section */

/* Begin XCConfigurationList section */
		CCE4AB4F22E3C6E600DA4F80 /* Build configuration list for PBXProject "Flickr-UserGallery" */ = {
			isa = XCConfigurationList;
			buildConfigurations = (
				CCE4AB7A22E3C6E800DA4F80 /* Debug */,
				CCE4AB7B22E3C6E800DA4F80 /* Release */,
			);
			defaultConfigurationIsVisible = 0;
			defaultConfigurationName = Release;
		};
		CCE4AB7C22E3C6E800DA4F80 /* Build configuration list for PBXNativeTarget "Flickr-UserGallery" */ = {
			isa = XCConfigurationList;
			buildConfigurations = (
				CCE4AB7D22E3C6E800DA4F80 /* Debug */,
				CCE4AB7E22E3C6E800DA4F80 /* Release */,
			);
			defaultConfigurationIsVisible = 0;
			defaultConfigurationName = Release;
		};
		CCE4AB7F22E3C6E800DA4F80 /* Build configuration list for PBXNativeTarget "Flickr-UserGalleryTests" */ = {
			isa = XCConfigurationList;
			buildConfigurations = (
				CCE4AB8022E3C6E800DA4F80 /* Debug */,
				CCE4AB8122E3C6E800DA4F80 /* Release */,
			);
			defaultConfigurationIsVisible = 0;
			defaultConfigurationName = Release;
		};
		CCE4AB8222E3C6E800DA4F80 /* Build configuration list for PBXNativeTarget "Flickr-UserGalleryUITests" */ = {
			isa = XCConfigurationList;
			buildConfigurations = (
				CCE4AB8322E3C6E800DA4F80 /* Debug */,
				CCE4AB8422E3C6E800DA4F80 /* Release */,
			);
			defaultConfigurationIsVisible = 0;
			defaultConfigurationName = Release;
		};
/* End XCConfigurationList section */
	};
	rootObject = CCE4AB4C22E3C6E600DA4F80 /* Project object */;
}
